// !$*UTF8*$!
{
	archiveVersion = 1;
	classes = {
	};
	objectVersion = 56;
	objects = {

/* Begin PBXBuildFile section */
		F94DCA4F2AFAC2210011A78C /* AppDelegate.swift in Sources */ = {isa = PBXBuildFile; fileRef = F94DCA4E2AFAC2210011A78C /* AppDelegate.swift */; };
		F94DCA512AFAC2210011A78C /* SceneDelegate.swift in Sources */ = {isa = PBXBuildFile; fileRef = F94DCA502AFAC2210011A78C /* SceneDelegate.swift */; };
		F94DCA532AFAC2210011A78C /* LoginViewController.swift in Sources */ = {isa = PBXBuildFile; fileRef = F94DCA522AFAC2210011A78C /* LoginViewController.swift */; };
		F94DCA562AFAC2210011A78C /* Main.storyboard in Resources */ = {isa = PBXBuildFile; fileRef = F94DCA542AFAC2210011A78C /* Main.storyboard */; };
		F94DCA582AFAC2220011A78C /* Assets.xcassets in Resources */ = {isa = PBXBuildFile; fileRef = F94DCA572AFAC2220011A78C /* Assets.xcassets */; };
		F94DCA5B2AFAC2220011A78C /* LaunchScreen.storyboard in Resources */ = {isa = PBXBuildFile; fileRef = F94DCA592AFAC2220011A78C /* LaunchScreen.storyboard */; };
		F94DCA662AFAC2220011A78C /* StudentAppTests.swift in Sources */ = {isa = PBXBuildFile; fileRef = F94DCA652AFAC2220011A78C /* StudentAppTests.swift */; };
		F94DCA702AFAC2220011A78C /* StudentAppUITests.swift in Sources */ = {isa = PBXBuildFile; fileRef = F94DCA6F2AFAC2220011A78C /* StudentAppUITests.swift */; };
		F94DCA722AFAC2220011A78C /* StudentAppUITestsLaunchTests.swift in Sources */ = {isa = PBXBuildFile; fileRef = F94DCA712AFAC2220011A78C /* StudentAppUITestsLaunchTests.swift */; };
		F94DCA7F2AFAC3C60011A78C /* StudentInfoViewController.swift in Sources */ = {isa = PBXBuildFile; fileRef = F94DCA7E2AFAC3C60011A78C /* StudentInfoViewController.swift */; };
		F94DCA812AFAC5220011A78C /* CourseViewController.swift in Sources */ = {isa = PBXBuildFile; fileRef = F94DCA802AFAC5220011A78C /* CourseViewController.swift */; };
		F94DCA832AFAC6E90011A78C /* Student.swift in Sources */ = {isa = PBXBuildFile; fileRef = F94DCA822AFAC6E90011A78C /* Student.swift */; };
/* End PBXBuildFile section */

/* Begin PBXContainerItemProxy section */
		F94DCA622AFAC2220011A78C /* PBXContainerItemProxy */ = {
			isa = PBXContainerItemProxy;
			containerPortal = F94DCA432AFAC2210011A78C /* Project object */;
			proxyType = 1;
			remoteGlobalIDString = F94DCA4A2AFAC2210011A78C;
			remoteInfo = StudentApp;
		};
		F94DCA6C2AFAC2220011A78C /* PBXContainerItemProxy */ = {
			isa = PBXContainerItemProxy;
			containerPortal = F94DCA432AFAC2210011A78C /* Project object */;
			proxyType = 1;
			remoteGlobalIDString = F94DCA4A2AFAC2210011A78C;
			remoteInfo = StudentApp;
		};
/* End PBXContainerItemProxy section */

/* Begin PBXFileReference section */
		F94DCA4B2AFAC2210011A78C /* StudentApp.app */ = {isa = PBXFileReference; explicitFileType = wrapper.application; includeInIndex = 0; path = StudentApp.app; sourceTree = BUILT_PRODUCTS_DIR; };
		F94DCA4E2AFAC2210011A78C /* AppDelegate.swift */ = {isa = PBXFileReference; lastKnownFileType = sourcecode.swift; path = AppDelegate.swift; sourceTree = "<group>"; };
		F94DCA502AFAC2210011A78C /* SceneDelegate.swift */ = {isa = PBXFileReference; lastKnownFileType = sourcecode.swift; path = SceneDelegate.swift; sourceTree = "<group>"; };
		F94DCA522AFAC2210011A78C /* LoginViewController.swift */ = {isa = PBXFileReference; lastKnownFileType = sourcecode.swift; path = LoginViewController.swift; sourceTree = "<group>"; };
		F94DCA552AFAC2210011A78C /* Base */ = {isa = PBXFileReference; lastKnownFileType = file.storyboard; name = Base; path = Base.lproj/Main.storyboard; sourceTree = "<group>"; };
		F94DCA572AFAC2220011A78C /* Assets.xcassets */ = {isa = PBXFileReference; lastKnownFileType = folder.assetcatalog; path = Assets.xcassets; sourceTree = "<group>"; };
		F94DCA5A2AFAC2220011A78C /* Base */ = {isa = PBXFileReference; lastKnownFileType = file.storyboard; name = Base; path = Base.lproj/LaunchScreen.storyboard; sourceTree = "<group>"; };
		F94DCA5C2AFAC2220011A78C /* Info.plist */ = {isa = PBXFileReference; lastKnownFileType = text.plist.xml; path = Info.plist; sourceTree = "<group>"; };
		F94DCA612AFAC2220011A78C /* StudentAppTests.xctest */ = {isa = PBXFileReference; explicitFileType = wrapper.cfbundle; includeInIndex = 0; path = StudentAppTests.xctest; sourceTree = BUILT_PRODUCTS_DIR; };
		F94DCA652AFAC2220011A78C /* StudentAppTests.swift */ = {isa = PBXFileReference; lastKnownFileType = sourcecode.swift; path = StudentAppTests.swift; sourceTree = "<group>"; };
		F94DCA6B2AFAC2220011A78C /* StudentAppUITests.xctest */ = {isa = PBXFileReference; explicitFileType = wrapper.cfbundle; includeInIndex = 0; path = StudentAppUITests.xctest; sourceTree = BUILT_PRODUCTS_DIR; };
		F94DCA6F2AFAC2220011A78C /* StudentAppUITests.swift */ = {isa = PBXFileReference; lastKnownFileType = sourcecode.swift; path = StudentAppUITests.swift; sourceTree = "<group>"; };
		F94DCA712AFAC2220011A78C /* StudentAppUITestsLaunchTests.swift */ = {isa = PBXFileReference; lastKnownFileType = sourcecode.swift; path = StudentAppUITestsLaunchTests.swift; sourceTree = "<group>"; };
		F94DCA7E2AFAC3C60011A78C /* StudentInfoViewController.swift */ = {isa = PBXFileReference; lastKnownFileType = sourcecode.swift; path = StudentInfoViewController.swift; sourceTree = "<group>"; };
		F94DCA802AFAC5220011A78C /* CourseViewController.swift */ = {isa = PBXFileReference; lastKnownFileType = sourcecode.swift; path = CourseViewController.swift; sourceTree = "<group>"; };
		F94DCA822AFAC6E90011A78C /* Student.swift */ = {isa = PBXFileReference; lastKnownFileType = sourcecode.swift; path = Student.swift; sourceTree = "<group>"; };
/* End PBXFileReference section */

/* Begin PBXFrameworksBuildPhase section */
		F94DCA482AFAC2210011A78C /* Frameworks */ = {
			isa = PBXFrameworksBuildPhase;
			buildActionMask = 2147483647;
			files = (
			);
			runOnlyForDeploymentPostprocessing = 0;
		};
		F94DCA5E2AFAC2220011A78C /* Frameworks */ = {
			isa = PBXFrameworksBuildPhase;
			buildActionMask = 2147483647;
			files = (
			);
			runOnlyForDeploymentPostprocessing = 0;
		};
		F94DCA682AFAC2220011A78C /* Frameworks */ = {
			isa = PBXFrameworksBuildPhase;
			buildActionMask = 2147483647;
			files = (
			);
			runOnlyForDeploymentPostprocessing = 0;
		};
/* End PBXFrameworksBuildPhase section */

/* Begin PBXGroup section */
		F94DCA422AFAC2210011A78C = {
			isa = PBXGroup;
			children = (
				F94DCA4D2AFAC2210011A78C /* StudentApp */,
				F94DCA642AFAC2220011A78C /* StudentAppTests */,
				F94DCA6E2AFAC2220011A78C /* StudentAppUITests */,
				F94DCA4C2AFAC2210011A78C /* Products */,
			);
			sourceTree = "<group>";
		};
		F94DCA4C2AFAC2210011A78C /* Products */ = {
			isa = PBXGroup;
			children = (
				F94DCA4B2AFAC2210011A78C /* StudentApp.app */,
				F94DCA612AFAC2220011A78C /* StudentAppTests.xctest */,
				F94DCA6B2AFAC2220011A78C /* StudentAppUITests.xctest */,
			);
			name = Products;
			sourceTree = "<group>";
		};
		F94DCA4D2AFAC2210011A78C /* StudentApp */ = {
			isa = PBXGroup;
			children = (
				F94DCA4E2AFAC2210011A78C /* AppDelegate.swift */,
				F94DCA502AFAC2210011A78C /* SceneDelegate.swift */,
				F94DCA522AFAC2210011A78C /* LoginViewController.swift */,
				F94DCA542AFAC2210011A78C /* Main.storyboard */,
				F94DCA572AFAC2220011A78C /* Assets.xcassets */,
				F94DCA592AFAC2220011A78C /* LaunchScreen.storyboard */,
				F94DCA5C2AFAC2220011A78C /* Info.plist */,
				F94DCA7E2AFAC3C60011A78C /* StudentInfoViewController.swift */,
				F94DCA802AFAC5220011A78C /* CourseViewController.swift */,
				F94DCA822AFAC6E90011A78C /* Student.swift */,
			);
			path = StudentApp;
			sourceTree = "<group>";
		};
		F94DCA642AFAC2220011A78C /* StudentAppTests */ = {
			isa = PBXGroup;
			children = (
				F94DCA652AFAC2220011A78C /* StudentAppTests.swift */,
			);
			path = StudentAppTests;
			sourceTree = "<group>";
		};
		F94DCA6E2AFAC2220011A78C /* StudentAppUITests */ = {
			isa = PBXGroup;
			children = (
				F94DCA6F2AFAC2220011A78C /* StudentAppUITests.swift */,
				F94DCA712AFAC2220011A78C /* StudentAppUITestsLaunchTests.swift */,
			);
			path = StudentAppUITests;
			sourceTree = "<group>";
		};
/* End PBXGroup section */

/* Begin PBXNativeTarget section */
		F94DCA4A2AFAC2210011A78C /* StudentApp */ = {
			isa = PBXNativeTarget;
			buildConfigurationList = F94DCA752AFAC2220011A78C /* Build configuration list for PBXNativeTarget "StudentApp" */;
			buildPhases = (
				F94DCA472AFAC2210011A78C /* Sources */,
				F94DCA482AFAC2210011A78C /* Frameworks */,
				F94DCA492AFAC2210011A78C /* Resources */,
			);
			buildRules = (
			);
			dependencies = (
			);
			name = StudentApp;
			productName = StudentApp;
			productReference = F94DCA4B2AFAC2210011A78C /* StudentApp.app */;
			productType = "com.apple.product-type.application";
		};
		F94DCA602AFAC2220011A78C /* StudentAppTests */ = {
			isa = PBXNativeTarget;
			buildConfigurationList = F94DCA782AFAC2220011A78C /* Build configuration list for PBXNativeTarget "StudentAppTests" */;
			buildPhases = (
				F94DCA5D2AFAC2220011A78C /* Sources */,
				F94DCA5E2AFAC2220011A78C /* Frameworks */,
				F94DCA5F2AFAC2220011A78C /* Resources */,
			);
			buildRules = (
			);
			dependencies = (
				F94DCA632AFAC2220011A78C /* PBXTargetDependency */,
			);
			name = StudentAppTests;
			productName = StudentAppTests;
			productReference = F94DCA612AFAC2220011A78C /* StudentAppTests.xctest */;
			productType = "com.apple.product-type.bundle.unit-test";
		};
		F94DCA6A2AFAC2220011A78C /* StudentAppUITests */ = {
			isa = PBXNativeTarget;
			buildConfigurationList = F94DCA7B2AFAC2220011A78C /* Build configuration list for PBXNativeTarget "StudentAppUITests" */;
			buildPhases = (
				F94DCA672AFAC2220011A78C /* Sources */,
				F94DCA682AFAC2220011A78C /* Frameworks */,
				F94DCA692AFAC2220011A78C /* Resources */,
			);
			buildRules = (
			);
			dependencies = (
				F94DCA6D2AFAC2220011A78C /* PBXTargetDependency */,
			);
			name = StudentAppUITests;
			productName = StudentAppUITests;
			productReference = F94DCA6B2AFAC2220011A78C /* StudentAppUITests.xctest */;
			productType = "com.apple.product-type.bundle.ui-testing";
		};
/* End PBXNativeTarget section */

/* Begin PBXProject section */
		F94DCA432AFAC2210011A78C /* Project object */ = {
			isa = PBXProject;
			attributes = {
				BuildIndependentTargetsInParallel = 1;
				LastSwiftUpdateCheck = 1500;
				LastUpgradeCheck = 1500;
				TargetAttributes = {
					F94DCA4A2AFAC2210011A78C = {
						CreatedOnToolsVersion = 15.0;
					};
					F94DCA602AFAC2220011A78C = {
						CreatedOnToolsVersion = 15.0;
						TestTargetID = F94DCA4A2AFAC2210011A78C;
					};
					F94DCA6A2AFAC2220011A78C = {
						CreatedOnToolsVersion = 15.0;
						TestTargetID = F94DCA4A2AFAC2210011A78C;
					};
				};
			};
			buildConfigurationList = F94DCA462AFAC2210011A78C /* Build configuration list for PBXProject "StudentApp" */;
			compatibilityVersion = "Xcode 14.0";
			developmentRegion = en;
			hasScannedForEncodings = 0;
			knownRegions = (
				en,
				Base,
			);
			mainGroup = F94DCA422AFAC2210011A78C;
			productRefGroup = F94DCA4C2AFAC2210011A78C /* Products */;
			projectDirPath = "";
			projectRoot = "";
			targets = (
				F94DCA4A2AFAC2210011A78C /* StudentApp */,
				F94DCA602AFAC2220011A78C /* StudentAppTests */,
				F94DCA6A2AFAC2220011A78C /* StudentAppUITests */,
			);
		};
/* End PBXProject section */

/* Begin PBXResourcesBuildPhase section */
		F94DCA492AFAC2210011A78C /* Resources */ = {
			isa = PBXResourcesBuildPhase;
			buildActionMask = 2147483647;
			files = (
				F94DCA5B2AFAC2220011A78C /* LaunchScreen.storyboard in Resources */,
				F94DCA582AFAC2220011A78C /* Assets.xcassets in Resources */,
				F94DCA562AFAC2210011A78C /* Main.storyboard in Resources */,
			);
			runOnlyForDeploymentPostprocessing = 0;
		};
		F94DCA5F2AFAC2220011A78C /* Resources */ = {
			isa = PBXResourcesBuildPhase;
			buildActionMask = 2147483647;
			files = (
			);
			runOnlyForDeploymentPostprocessing = 0;
		};
		F94DCA692AFAC2220011A78C /* Resources */ = {
			isa = PBXResourcesBuildPhase;
			buildActionMask = 2147483647;
			files = (
			);
			runOnlyForDeploymentPostprocessing = 0;
		};
/* End PBXResourcesBuildPhase section */

/* Begin PBXSourcesBuildPhase section */
		F94DCA472AFAC2210011A78C /* Sources */ = {
			isa = PBXSourcesBuildPhase;
			buildActionMask = 2147483647;
			files = (
				F94DCA7F2AFAC3C60011A78C /* StudentInfoViewController.swift in Sources */,
				F94DCA832AFAC6E90011A78C /* Student.swift in Sources */,
				F94DCA532AFAC2210011A78C /* LoginViewController.swift in Sources */,
				F94DCA4F2AFAC2210011A78C /* AppDelegate.swift in Sources */,
				F94DCA812AFAC5220011A78C /* CourseViewController.swift in Sources */,
				F94DCA512AFAC2210011A78C /* SceneDelegate.swift in Sources */,
			);
			runOnlyForDeploymentPostprocessing = 0;
		};
		F94DCA5D2AFAC2220011A78C /* Sources */ = {
			isa = PBXSourcesBuildPhase;
			buildActionMask = 2147483647;
			files = (
				F94DCA662AFAC2220011A78C /* StudentAppTests.swift in Sources */,
			);
			runOnlyForDeploymentPostprocessing = 0;
		};
		F94DCA672AFAC2220011A78C /* Sources */ = {
			isa = PBXSourcesBuildPhase;
			buildActionMask = 2147483647;
			files = (
				F94DCA722AFAC2220011A78C /* StudentAppUITestsLaunchTests.swift in Sources */,
				F94DCA702AFAC2220011A78C /* StudentAppUITests.swift in Sources */,
			);
			runOnlyForDeploymentPostprocessing = 0;
		};
/* End PBXSourcesBuildPhase section */

/* Begin PBXTargetDependency section */
		F94DCA632AFAC2220011A78C /* PBXTargetDependency */ = {
			isa = PBXTargetDependency;
			target = F94DCA4A2AFAC2210011A78C /* StudentApp */;
			targetProxy = F94DCA622AFAC2220011A78C /* PBXContainerItemProxy */;
		};
		F94DCA6D2AFAC2220011A78C /* PBXTargetDependency */ = {
			isa = PBXTargetDependency;
			target = F94DCA4A2AFAC2210011A78C /* StudentApp */;
			targetProxy = F94DCA6C2AFAC2220011A78C /* PBXContainerItemProxy */;
		};
/* End PBXTargetDependency section */

/* Begin PBXVariantGroup section */
		F94DCA542AFAC2210011A78C /* Main.storyboard */ = {
			isa = PBXVariantGroup;
			children = (
				F94DCA552AFAC2210011A78C /* Base */,
			);
			name = Main.storyboard;
			sourceTree = "<group>";
		};
		F94DCA592AFAC2220011A78C /* LaunchScreen.storyboard */ = {
			isa = PBXVariantGroup;
			children = (
				F94DCA5A2AFAC2220011A78C /* Base */,
			);
			name = LaunchScreen.storyboard;
			sourceTree = "<group>";
		};
/* End PBXVariantGroup section */

/* Begin XCBuildConfiguration section */
		F94DCA732AFAC2220011A78C /* Debug */ = {
			isa = XCBuildConfiguration;
			buildSettings = {
				ALWAYS_SEARCH_USER_PATHS = NO;
				ASSETCATALOG_COMPILER_GENERATE_SWIFT_ASSET_SYMBOL_EXTENSIONS = YES;
				CLANG_ANALYZER_NONNULL = YES;
				CLANG_ANALYZER_NUMBER_OBJECT_CONVERSION = YES_AGGRESSIVE;
				CLANG_CXX_LANGUAGE_STANDARD = "gnu++20";
				CLANG_ENABLE_MODULES = YES;
				CLANG_ENABLE_OBJC_ARC = YES;
				CLANG_ENABLE_OBJC_WEAK = YES;
				CLANG_WARN_BLOCK_CAPTURE_AUTORELEASING = YES;
				CLANG_WARN_BOOL_CONVERSION = YES;
				CLANG_WARN_COMMA = YES;
				CLANG_WARN_CONSTANT_CONVERSION = YES;
				CLANG_WARN_DEPRECATED_OBJC_IMPLEMENTATIONS = YES;
				CLANG_WARN_DIRECT_OBJC_ISA_USAGE = YES_ERROR;
				CLANG_WARN_DOCUMENTATION_COMMENTS = YES;
				CLANG_WARN_EMPTY_BODY = YES;
				CLANG_WARN_ENUM_CONVERSION = YES;
				CLANG_WARN_INFINITE_RECURSION = YES;
				CLANG_WARN_INT_CONVERSION = YES;
				CLANG_WARN_NON_LITERAL_NULL_CONVERSION = YES;
				CLANG_WARN_OBJC_IMPLICIT_RETAIN_SELF = YES;
				CLANG_WARN_OBJC_LITERAL_CONVERSION = YES;
				CLANG_WARN_OBJC_ROOT_CLASS = YES_ERROR;
				CLANG_WARN_QUOTED_INCLUDE_IN_FRAMEWORK_HEADER = YES;
				CLANG_WARN_RANGE_LOOP_ANALYSIS = YES;
				CLANG_WARN_STRICT_PROTOTYPES = YES;
				CLANG_WARN_SUSPICIOUS_MOVE = YES;
				CLANG_WARN_UNGUARDED_AVAILABILITY = YES_AGGRESSIVE;
				CLANG_WARN_UNREACHABLE_CODE = YES;
				CLANG_WARN__DUPLICATE_METHOD_MATCH = YES;
				COPY_PHASE_STRIP = NO;
				DEBUG_INFORMATION_FORMAT = dwarf;
				ENABLE_STRICT_OBJC_MSGSEND = YES;
				ENABLE_TESTABILITY = YES;
				ENABLE_USER_SCRIPT_SANDBOXING = YES;
				GCC_C_LANGUAGE_STANDARD = gnu17;
				GCC_DYNAMIC_NO_PIC = NO;
				GCC_NO_COMMON_BLOCKS = YES;
				GCC_OPTIMIZATION_LEVEL = 0;
				GCC_PREPROCESSOR_DEFINITIONS = (
					"DEBUG=1",
					"$(inherited)",
				);
				GCC_WARN_64_TO_32_BIT_CONVERSION = YES;
				GCC_WARN_ABOUT_RETURN_TYPE = YES_ERROR;
				GCC_WARN_UNDECLARED_SELECTOR = YES;
				GCC_WARN_UNINITIALIZED_AUTOS = YES_AGGRESSIVE;
				GCC_WARN_UNUSED_FUNCTION = YES;
				GCC_WARN_UNUSED_VARIABLE = YES;
				IPHONEOS_DEPLOYMENT_TARGET = 17.0;
				LOCALIZATION_PREFERS_STRING_CATALOGS = YES;
				MTL_ENABLE_DEBUG_INFO = INCLUDE_SOURCE;
				MTL_FAST_MATH = YES;
				ONLY_ACTIVE_ARCH = YES;
				SDKROOT = iphoneos;
				SWIFT_ACTIVE_COMPILATION_CONDITIONS = "DEBUG $(inherited)";
				SWIFT_OPTIMIZATION_LEVEL = "-Onone";
			};
			name = Debug;
		};
		F94DCA742AFAC2220011A78C /* Release */ = {
			isa = XCBuildConfiguration;
			buildSettings = {
				ALWAYS_SEARCH_USER_PATHS = NO;
				ASSETCATALOG_COMPILER_GENERATE_SWIFT_ASSET_SYMBOL_EXTENSIONS = YES;
				CLANG_ANALYZER_NONNULL = YES;
				CLANG_ANALYZER_NUMBER_OBJECT_CONVERSION = YES_AGGRESSIVE;
				CLANG_CXX_LANGUAGE_STANDARD = "gnu++20";
				CLANG_ENABLE_MODULES = YES;
				CLANG_ENABLE_OBJC_ARC = YES;
				CLANG_ENABLE_OBJC_WEAK = YES;
				CLANG_WARN_BLOCK_CAPTURE_AUTORELEASING = YES;
				CLANG_WARN_BOOL_CONVERSION = YES;
				CLANG_WARN_COMMA = YES;
				CLANG_WARN_CONSTANT_CONVERSION = YES;
				CLANG_WARN_DEPRECATED_OBJC_IMPLEMENTATIONS = YES;
				CLANG_WARN_DIRECT_OBJC_ISA_USAGE = YES_ERROR;
				CLANG_WARN_DOCUMENTATION_COMMENTS = YES;
				CLANG_WARN_EMPTY_BODY = YES;
				CLANG_WARN_ENUM_CONVERSION = YES;
				CLANG_WARN_INFINITE_RECURSION = YES;
				CLANG_WARN_INT_CONVERSION = YES;
				CLANG_WARN_NON_LITERAL_NULL_CONVERSION = YES;
				CLANG_WARN_OBJC_IMPLICIT_RETAIN_SELF = YES;
				CLANG_WARN_OBJC_LITERAL_CONVERSION = YES;
				CLANG_WARN_OBJC_ROOT_CLASS = YES_ERROR;
				CLANG_WARN_QUOTED_INCLUDE_IN_FRAMEWORK_HEADER = YES;
				CLANG_WARN_RANGE_LOOP_ANALYSIS = YES;
				CLANG_WARN_STRICT_PROTOTYPES = YES;
				CLANG_WARN_SUSPICIOUS_MOVE = YES;
				CLANG_WARN_UNGUARDED_AVAILABILITY = YES_AGGRESSIVE;
				CLANG_WARN_UNREACHABLE_CODE = YES;
				CLANG_WARN__DUPLICATE_METHOD_MATCH = YES;
				COPY_PHASE_STRIP = NO;
				DEBUG_INFORMATION_FORMAT = "dwarf-with-dsym";
				ENABLE_NS_ASSERTIONS = NO;
				ENABLE_STRICT_OBJC_MSGSEND = YES;
				ENABLE_USER_SCRIPT_SANDBOXING = YES;
				GCC_C_LANGUAGE_STANDARD = gnu17;
				GCC_NO_COMMON_BLOCKS = YES;
				GCC_WARN_64_TO_32_BIT_CONVERSION = YES;
				GCC_WARN_ABOUT_RETURN_TYPE = YES_ERROR;
				GCC_WARN_UNDECLARED_SELECTOR = YES;
				GCC_WARN_UNINITIALIZED_AUTOS = YES_AGGRESSIVE;
				GCC_WARN_UNUSED_FUNCTION = YES;
				GCC_WARN_UNUSED_VARIABLE = YES;
				IPHONEOS_DEPLOYMENT_TARGET = 17.0;
				LOCALIZATION_PREFERS_STRING_CATALOGS = YES;
				MTL_ENABLE_DEBUG_INFO = NO;
				MTL_FAST_MATH = YES;
				SDKROOT = iphoneos;
				SWIFT_COMPILATION_MODE = wholemodule;
				VALIDATE_PRODUCT = YES;
			};
			name = Release;
		};
		F94DCA762AFAC2220011A78C /* Debug */ = {
			isa = XCBuildConfiguration;
			buildSettings = {
				ASSETCATALOG_COMPILER_APPICON_NAME = AppIcon;
				ASSETCATALOG_COMPILER_GLOBAL_ACCENT_COLOR_NAME = AccentColor;
				CODE_SIGN_STYLE = Automatic;
				CURRENT_PROJECT_VERSION = 1;
				GENERATE_INFOPLIST_FILE = YES;
				INFOPLIST_FILE = StudentApp/Info.plist;
				INFOPLIST_KEY_UIApplicationSupportsIndirectInputEvents = YES;
				INFOPLIST_KEY_UILaunchStoryboardName = LaunchScreen;
				INFOPLIST_KEY_UIMainStoryboardFile = Main;
				INFOPLIST_KEY_UISupportedInterfaceOrientations_iPad = "UIInterfaceOrientationPortrait UIInterfaceOrientationPortraitUpsideDown UIInterfaceOrientationLandscapeLeft UIInterfaceOrientationLandscapeRight";
				INFOPLIST_KEY_UISupportedInterfaceOrientations_iPhone = "UIInterfaceOrientationPortrait UIInterfaceOrientationLandscapeLeft UIInterfaceOrientationLandscapeRight";
				LD_RUNPATH_SEARCH_PATHS = (
					"$(inherited)",
					"@executable_path/Frameworks",
				);
				MARKETING_VERSION = 1.0;
				PRODUCT_BUNDLE_IDENTIFIER = nwmsu.StudentApp;
				PRODUCT_NAME = "$(TARGET_NAME)";
				SWIFT_EMIT_LOC_STRINGS = YES;
				SWIFT_VERSION = 5.0;
				TARGETED_DEVICE_FAMILY = "1,2";
			};
			name = Debug;
		};
		F94DCA772AFAC2220011A78C /* Release */ = {
			isa = XCBuildConfiguration;
			buildSettings = {
				ASSETCATALOG_COMPILER_APPICON_NAME = AppIcon;
				ASSETCATALOG_COMPILER_GLOBAL_ACCENT_COLOR_NAME = AccentColor;
				CODE_SIGN_STYLE = Automatic;
				CURRENT_PROJECT_VERSION = 1;
				GENERATE_INFOPLIST_FILE = YES;
				INFOPLIST_FILE = StudentApp/Info.plist;
				INFOPLIST_KEY_UIApplicationSupportsIndirectInputEvents = YES;
				INFOPLIST_KEY_UILaunchStoryboardName = LaunchScreen;
				INFOPLIST_KEY_UIMainStoryboardFile = Main;
				INFOPLIST_KEY_UISupportedInterfaceOrientations_iPad = "UIInterfaceOrientationPortrait UIInterfaceOrientationPortraitUpsideDown UIInterfaceOrientationLandscapeLeft UIInterfaceOrientationLandscapeRight";
				INFOPLIST_KEY_UISupportedInterfaceOrientations_iPhone = "UIInterfaceOrientationPortrait UIInterfaceOrientationLandscapeLeft UIInterfaceOrientationLandscapeRight";
				LD_RUNPATH_SEARCH_PATHS = (
					"$(inherited)",
					"@executable_path/Frameworks",
				);
				MARKETING_VERSION = 1.0;
				PRODUCT_BUNDLE_IDENTIFIER = nwmsu.StudentApp;
				PRODUCT_NAME = "$(TARGET_NAME)";
				SWIFT_EMIT_LOC_STRINGS = YES;
				SWIFT_VERSION = 5.0;
				TARGETED_DEVICE_FAMILY = "1,2";
			};
			name = Release;
		};
		F94DCA792AFAC2220011A78C /* Debug */ = {
			isa = XCBuildConfiguration;
			buildSettings = {
				ALWAYS_EMBED_SWIFT_STANDARD_LIBRARIES = YES;
				BUNDLE_LOADER = "$(TEST_HOST)";
				CODE_SIGN_STYLE = Automatic;
				CURRENT_PROJECT_VERSION = 1;
				GENERATE_INFOPLIST_FILE = YES;
				IPHONEOS_DEPLOYMENT_TARGET = 17.0;
				MARKETING_VERSION = 1.0;
				PRODUCT_BUNDLE_IDENTIFIER = nwmsu.StudentAppTests;
				PRODUCT_NAME = "$(TARGET_NAME)";
				SWIFT_EMIT_LOC_STRINGS = NO;
				SWIFT_VERSION = 5.0;
				TARGETED_DEVICE_FAMILY = "1,2";
				TEST_HOST = "$(BUILT_PRODUCTS_DIR)/StudentApp.app/$(BUNDLE_EXECUTABLE_FOLDER_PATH)/StudentApp";
			};
			name = Debug;
		};
		F94DCA7A2AFAC2220011A78C /* Release */ = {
			isa = XCBuildConfiguration;
			buildSettings = {
				ALWAYS_EMBED_SWIFT_STANDARD_LIBRARIES = YES;
				BUNDLE_LOADER = "$(TEST_HOST)";
				CODE_SIGN_STYLE = Automatic;
				CURRENT_PROJECT_VERSION = 1;
				GENERATE_INFOPLIST_FILE = YES;
				IPHONEOS_DEPLOYMENT_TARGET = 17.0;
				MARKETING_VERSION = 1.0;
				PRODUCT_BUNDLE_IDENTIFIER = nwmsu.StudentAppTests;
				PRODUCT_NAME = "$(TARGET_NAME)";
				SWIFT_EMIT_LOC_STRINGS = NO;
				SWIFT_VERSION = 5.0;
				TARGETED_DEVICE_FAMILY = "1,2";
				TEST_HOST = "$(BUILT_PRODUCTS_DIR)/StudentApp.app/$(BUNDLE_EXECUTABLE_FOLDER_PATH)/StudentApp";
			};
			name = Release;
		};
		F94DCA7C2AFAC2220011A78C /* Debug */ = {
			isa = XCBuildConfiguration;
			buildSettings = {
				ALWAYS_EMBED_SWIFT_STANDARD_LIBRARIES = YES;
				CODE_SIGN_STYLE = Automatic;
				CURRENT_PROJECT_VERSION = 1;
				GENERATE_INFOPLIST_FILE = YES;
				MARKETING_VERSION = 1.0;
				PRODUCT_BUNDLE_IDENTIFIER = nwmsu.StudentAppUITests;
				PRODUCT_NAME = "$(TARGET_NAME)";
				SWIFT_EMIT_LOC_STRINGS = NO;
				SWIFT_VERSION = 5.0;
				TARGETED_DEVICE_FAMILY = "1,2";
				TEST_TARGET_NAME = StudentApp;
			};
			name = Debug;
		};
		F94DCA7D2AFAC2220011A78C /* Release */ = {
			isa = XCBuildConfiguration;
			buildSettings = {
				ALWAYS_EMBED_SWIFT_STANDARD_LIBRARIES = YES;
				CODE_SIGN_STYLE = Automatic;
				CURRENT_PROJECT_VERSION = 1;
				GENERATE_INFOPLIST_FILE = YES;
				MARKETING_VERSION = 1.0;
				PRODUCT_BUNDLE_IDENTIFIER = nwmsu.StudentAppUITests;
				PRODUCT_NAME = "$(TARGET_NAME)";
				SWIFT_EMIT_LOC_STRINGS = NO;
				SWIFT_VERSION = 5.0;
				TARGETED_DEVICE_FAMILY = "1,2";
				TEST_TARGET_NAME = StudentApp;
			};
			name = Release;
		};
/* End XCBuildConfiguration section */

/* Begin XCConfigurationList section */
		F94DCA462AFAC2210011A78C /* Build configuration list for PBXProject "StudentApp" */ = {
			isa = XCConfigurationList;
			buildConfigurations = (
				F94DCA732AFAC2220011A78C /* Debug */,
				F94DCA742AFAC2220011A78C /* Release */,
			);
			defaultConfigurationIsVisible = 0;
			defaultConfigurationName = Release;
		};
		F94DCA752AFAC2220011A78C /* Build configuration list for PBXNativeTarget "StudentApp" */ = {
			isa = XCConfigurationList;
			buildConfigurations = (
				F94DCA762AFAC2220011A78C /* Debug */,
				F94DCA772AFAC2220011A78C /* Release */,
			);
			defaultConfigurationIsVisible = 0;
			defaultConfigurationName = Release;
		};
		F94DCA782AFAC2220011A78C /* Build configuration list for PBXNativeTarget "StudentAppTests" */ = {
			isa = XCConfigurationList;
			buildConfigurations = (
				F94DCA792AFAC2220011A78C /* Debug */,
				F94DCA7A2AFAC2220011A78C /* Release */,
			);
			defaultConfigurationIsVisible = 0;
			defaultConfigurationName = Release;
		};
		F94DCA7B2AFAC2220011A78C /* Build configuration list for PBXNativeTarget "StudentAppUITests" */ = {
			isa = XCConfigurationList;
			buildConfigurations = (
				F94DCA7C2AFAC2220011A78C /* Debug */,
				F94DCA7D2AFAC2220011A78C /* Release */,
			);
			defaultConfigurationIsVisible = 0;
			defaultConfigurationName = Release;
		};
/* End XCConfigurationList section */
	};
	rootObject = F94DCA432AFAC2210011A78C /* Project object */;
}
