// !$*UTF8*$!
{
	archiveVersion = 1;
	classes = {
	};
	objectVersion = 56;
	objects = {

/* Begin PBXBuildFile section */
		0EB87B972AF172C00083E904 /* AppDelegate.swift in Sources */ = {isa = PBXBuildFile; fileRef = 0EB87B962AF172C00083E904 /* AppDelegate.swift */; };
		0EB87B992AF172C00083E904 /* SceneDelegate.swift in Sources */ = {isa = PBXBuildFile; fileRef = 0EB87B982AF172C00083E904 /* SceneDelegate.swift */; };
		0EB87B9B2AF172C00083E904 /* ViewController.swift in Sources */ = {isa = PBXBuildFile; fileRef = 0EB87B9A2AF172C00083E904 /* ViewController.swift */; };
		0EB87B9E2AF172C00083E904 /* Main.storyboard in Resources */ = {isa = PBXBuildFile; fileRef = 0EB87B9C2AF172C00083E904 /* Main.storyboard */; };
		0EB87BA02AF172C00083E904 /* Assets.xcassets in Resources */ = {isa = PBXBuildFile; fileRef = 0EB87B9F2AF172C00083E904 /* Assets.xcassets */; };
		0EB87BA32AF172C00083E904 /* LaunchScreen.storyboard in Resources */ = {isa = PBXBuildFile; fileRef = 0EB87BA12AF172C00083E904 /* LaunchScreen.storyboard */; };
		0EB87BAE2AF172C10083E904 /* DiscountAppWithMutliVCTests.swift in Sources */ = {isa = PBXBuildFile; fileRef = 0EB87BAD2AF172C10083E904 /* DiscountAppWithMutliVCTests.swift */; };
		0EB87BB82AF172C10083E904 /* DiscountAppWithMutliVCUITests.swift in Sources */ = {isa = PBXBuildFile; fileRef = 0EB87BB72AF172C10083E904 /* DiscountAppWithMutliVCUITests.swift */; };
		0EB87BBA2AF172C10083E904 /* DiscountAppWithMutliVCUITestsLaunchTests.swift in Sources */ = {isa = PBXBuildFile; fileRef = 0EB87BB92AF172C10083E904 /* DiscountAppWithMutliVCUITestsLaunchTests.swift */; };
		0EB87BC72AF1759C0083E904 /* ResultViewController.swift in Sources */ = {isa = PBXBuildFile; fileRef = 0EB87BC62AF1759C0083E904 /* ResultViewController.swift */; };
/* End PBXBuildFile section */

/* Begin PBXContainerItemProxy section */
		0EB87BAA2AF172C10083E904 /* PBXContainerItemProxy */ = {
			isa = PBXContainerItemProxy;
			containerPortal = 0EB87B8B2AF172BF0083E904 /* Project object */;
			proxyType = 1;
			remoteGlobalIDString = 0EB87B922AF172C00083E904;
			remoteInfo = DiscountAppWithMutliVC;
		};
		0EB87BB42AF172C10083E904 /* PBXContainerItemProxy */ = {
			isa = PBXContainerItemProxy;
			containerPortal = 0EB87B8B2AF172BF0083E904 /* Project object */;
			proxyType = 1;
			remoteGlobalIDString = 0EB87B922AF172C00083E904;
			remoteInfo = DiscountAppWithMutliVC;
		};
/* End PBXContainerItemProxy section */

/* Begin PBXFileReference section */
		0EB87B932AF172C00083E904 /* DiscountAppWithMutliVC.app */ = {isa = PBXFileReference; explicitFileType = wrapper.application; includeInIndex = 0; path = DiscountAppWithMutliVC.app; sourceTree = BUILT_PRODUCTS_DIR; };
		0EB87B962AF172C00083E904 /* AppDelegate.swift */ = {isa = PBXFileReference; lastKnownFileType = sourcecode.swift; path = AppDelegate.swift; sourceTree = "<group>"; };
		0EB87B982AF172C00083E904 /* SceneDelegate.swift */ = {isa = PBXFileReference; lastKnownFileType = sourcecode.swift; path = SceneDelegate.swift; sourceTree = "<group>"; };
		0EB87B9A2AF172C00083E904 /* ViewController.swift */ = {isa = PBXFileReference; lastKnownFileType = sourcecode.swift; path = ViewController.swift; sourceTree = "<group>"; };
		0EB87B9D2AF172C00083E904 /* Base */ = {isa = PBXFileReference; lastKnownFileType = file.storyboard; name = Base; path = Base.lproj/Main.storyboard; sourceTree = "<group>"; };
		0EB87B9F2AF172C00083E904 /* Assets.xcassets */ = {isa = PBXFileReference; lastKnownFileType = folder.assetcatalog; path = Assets.xcassets; sourceTree = "<group>"; };
		0EB87BA22AF172C00083E904 /* Base */ = {isa = PBXFileReference; lastKnownFileType = file.storyboard; name = Base; path = Base.lproj/LaunchScreen.storyboard; sourceTree = "<group>"; };
		0EB87BA42AF172C00083E904 /* Info.plist */ = {isa = PBXFileReference; lastKnownFileType = text.plist.xml; path = Info.plist; sourceTree = "<group>"; };
		0EB87BA92AF172C10083E904 /* DiscountAppWithMutliVCTests.xctest */ = {isa = PBXFileReference; explicitFileType = wrapper.cfbundle; includeInIndex = 0; path = DiscountAppWithMutliVCTests.xctest; sourceTree = BUILT_PRODUCTS_DIR; };
		0EB87BAD2AF172C10083E904 /* DiscountAppWithMutliVCTests.swift */ = {isa = PBXFileReference; lastKnownFileType = sourcecode.swift; path = DiscountAppWithMutliVCTests.swift; sourceTree = "<group>"; };
		0EB87BB32AF172C10083E904 /* DiscountAppWithMutliVCUITests.xctest */ = {isa = PBXFileReference; explicitFileType = wrapper.cfbundle; includeInIndex = 0; path = DiscountAppWithMutliVCUITests.xctest; sourceTree = BUILT_PRODUCTS_DIR; };
		0EB87BB72AF172C10083E904 /* DiscountAppWithMutliVCUITests.swift */ = {isa = PBXFileReference; lastKnownFileType = sourcecode.swift; path = DiscountAppWithMutliVCUITests.swift; sourceTree = "<group>"; };
		0EB87BB92AF172C10083E904 /* DiscountAppWithMutliVCUITestsLaunchTests.swift */ = {isa = PBXFileReference; lastKnownFileType = sourcecode.swift; path = DiscountAppWithMutliVCUITestsLaunchTests.swift; sourceTree = "<group>"; };
		0EB87BC62AF1759C0083E904 /* ResultViewController.swift */ = {isa = PBXFileReference; lastKnownFileType = sourcecode.swift; path = ResultViewController.swift; sourceTree = "<group>"; };
/* End PBXFileReference section */

/* Begin PBXFrameworksBuildPhase section */
		0EB87B902AF172C00083E904 /* Frameworks */ = {
			isa = PBXFrameworksBuildPhase;
			buildActionMask = 2147483647;
			files = (
			);
			runOnlyForDeploymentPostprocessing = 0;
		};
		0EB87BA62AF172C10083E904 /* Frameworks */ = {
			isa = PBXFrameworksBuildPhase;
			buildActionMask = 2147483647;
			files = (
			);
			runOnlyForDeploymentPostprocessing = 0;
		};
		0EB87BB02AF172C10083E904 /* Frameworks */ = {
			isa = PBXFrameworksBuildPhase;
			buildActionMask = 2147483647;
			files = (
			);
			runOnlyForDeploymentPostprocessing = 0;
		};
/* End PBXFrameworksBuildPhase section */

/* Begin PBXGroup section */
		0EB87B8A2AF172BF0083E904 = {
			isa = PBXGroup;
			children = (
				0EB87B952AF172C00083E904 /* DiscountAppWithMutliVC */,
				0EB87BAC2AF172C10083E904 /* DiscountAppWithMutliVCTests */,
				0EB87BB62AF172C10083E904 /* DiscountAppWithMutliVCUITests */,
				0EB87B942AF172C00083E904 /* Products */,
			);
			sourceTree = "<group>";
		};
		0EB87B942AF172C00083E904 /* Products */ = {
			isa = PBXGroup;
			children = (
				0EB87B932AF172C00083E904 /* DiscountAppWithMutliVC.app */,
				0EB87BA92AF172C10083E904 /* DiscountAppWithMutliVCTests.xctest */,
				0EB87BB32AF172C10083E904 /* DiscountAppWithMutliVCUITests.xctest */,
			);
			name = Products;
			sourceTree = "<group>";
		};
		0EB87B952AF172C00083E904 /* DiscountAppWithMutliVC */ = {
			isa = PBXGroup;
			children = (
				0EB87B962AF172C00083E904 /* AppDelegate.swift */,
				0EB87B982AF172C00083E904 /* SceneDelegate.swift */,
				0EB87B9A2AF172C00083E904 /* ViewController.swift */,
				0EB87B9C2AF172C00083E904 /* Main.storyboard */,
				0EB87B9F2AF172C00083E904 /* Assets.xcassets */,
				0EB87BA12AF172C00083E904 /* LaunchScreen.storyboard */,
				0EB87BA42AF172C00083E904 /* Info.plist */,
				0EB87BC62AF1759C0083E904 /* ResultViewController.swift */,
			);
			path = DiscountAppWithMutliVC;
			sourceTree = "<group>";
		};
		0EB87BAC2AF172C10083E904 /* DiscountAppWithMutliVCTests */ = {
			isa = PBXGroup;
			children = (
				0EB87BAD2AF172C10083E904 /* DiscountAppWithMutliVCTests.swift */,
			);
			path = DiscountAppWithMutliVCTests;
			sourceTree = "<group>";
		};
		0EB87BB62AF172C10083E904 /* DiscountAppWithMutliVCUITests */ = {
			isa = PBXGroup;
			children = (
				0EB87BB72AF172C10083E904 /* DiscountAppWithMutliVCUITests.swift */,
				0EB87BB92AF172C10083E904 /* DiscountAppWithMutliVCUITestsLaunchTests.swift */,
			);
			path = DiscountAppWithMutliVCUITests;
			sourceTree = "<group>";
		};
/* End PBXGroup section */

/* Begin PBXNativeTarget section */
		0EB87B922AF172C00083E904 /* DiscountAppWithMutliVC */ = {
			isa = PBXNativeTarget;
			buildConfigurationList = 0EB87BBD2AF172C10083E904 /* Build configuration list for PBXNativeTarget "DiscountAppWithMutliVC" */;
			buildPhases = (
				0EB87B8F2AF172C00083E904 /* Sources */,
				0EB87B902AF172C00083E904 /* Frameworks */,
				0EB87B912AF172C00083E904 /* Resources */,
			);
			buildRules = (
			);
			dependencies = (
			);
			name = DiscountAppWithMutliVC;
			productName = DiscountAppWithMutliVC;
			productReference = 0EB87B932AF172C00083E904 /* DiscountAppWithMutliVC.app */;
			productType = "com.apple.product-type.application";
		};
		0EB87BA82AF172C10083E904 /* DiscountAppWithMutliVCTests */ = {
			isa = PBXNativeTarget;
			buildConfigurationList = 0EB87BC02AF172C10083E904 /* Build configuration list for PBXNativeTarget "DiscountAppWithMutliVCTests" */;
			buildPhases = (
				0EB87BA52AF172C10083E904 /* Sources */,
				0EB87BA62AF172C10083E904 /* Frameworks */,
				0EB87BA72AF172C10083E904 /* Resources */,
			);
			buildRules = (
			);
			dependencies = (
				0EB87BAB2AF172C10083E904 /* PBXTargetDependency */,
			);
			name = DiscountAppWithMutliVCTests;
			productName = DiscountAppWithMutliVCTests;
			productReference = 0EB87BA92AF172C10083E904 /* DiscountAppWithMutliVCTests.xctest */;
			productType = "com.apple.product-type.bundle.unit-test";
		};
		0EB87BB22AF172C10083E904 /* DiscountAppWithMutliVCUITests */ = {
			isa = PBXNativeTarget;
			buildConfigurationList = 0EB87BC32AF172C10083E904 /* Build configuration list for PBXNativeTarget "DiscountAppWithMutliVCUITests" */;
			buildPhases = (
				0EB87BAF2AF172C10083E904 /* Sources */,
				0EB87BB02AF172C10083E904 /* Frameworks */,
				0EB87BB12AF172C10083E904 /* Resources */,
			);
			buildRules = (
			);
			dependencies = (
				0EB87BB52AF172C10083E904 /* PBXTargetDependency */,
			);
			name = DiscountAppWithMutliVCUITests;
			productName = DiscountAppWithMutliVCUITests;
			productReference = 0EB87BB32AF172C10083E904 /* DiscountAppWithMutliVCUITests.xctest */;
			productType = "com.apple.product-type.bundle.ui-testing";
		};
/* End PBXNativeTarget section */

/* Begin PBXProject section */
		0EB87B8B2AF172BF0083E904 /* Project object */ = {
			isa = PBXProject;
			attributes = {
				BuildIndependentTargetsInParallel = 1;
				LastSwiftUpdateCheck = 1430;
				LastUpgradeCheck = 1430;
				TargetAttributes = {
					0EB87B922AF172C00083E904 = {
						CreatedOnToolsVersion = 14.3.1;
					};
					0EB87BA82AF172C10083E904 = {
						CreatedOnToolsVersion = 14.3.1;
						TestTargetID = 0EB87B922AF172C00083E904;
					};
					0EB87BB22AF172C10083E904 = {
						CreatedOnToolsVersion = 14.3.1;
						TestTargetID = 0EB87B922AF172C00083E904;
					};
				};
			};
			buildConfigurationList = 0EB87B8E2AF172BF0083E904 /* Build configuration list for PBXProject "DiscountAppWithMutliVC" */;
			compatibilityVersion = "Xcode 14.0";
			developmentRegion = en;
			hasScannedForEncodings = 0;
			knownRegions = (
				en,
				Base,
			);
			mainGroup = 0EB87B8A2AF172BF0083E904;
			productRefGroup = 0EB87B942AF172C00083E904 /* Products */;
			projectDirPath = "";
			projectRoot = "";
			targets = (
				0EB87B922AF172C00083E904 /* DiscountAppWithMutliVC */,
				0EB87BA82AF172C10083E904 /* DiscountAppWithMutliVCTests */,
				0EB87BB22AF172C10083E904 /* DiscountAppWithMutliVCUITests */,
			);
		};
/* End PBXProject section */

/* Begin PBXResourcesBuildPhase section */
		0EB87B912AF172C00083E904 /* Resources */ = {
			isa = PBXResourcesBuildPhase;
			buildActionMask = 2147483647;
			files = (
				0EB87BA32AF172C00083E904 /* LaunchScreen.storyboard in Resources */,
				0EB87BA02AF172C00083E904 /* Assets.xcassets in Resources */,
				0EB87B9E2AF172C00083E904 /* Main.storyboard in Resources */,
			);
			runOnlyForDeploymentPostprocessing = 0;
		};
		0EB87BA72AF172C10083E904 /* Resources */ = {
			isa = PBXResourcesBuildPhase;
			buildActionMask = 2147483647;
			files = (
			);
			runOnlyForDeploymentPostprocessing = 0;
		};
		0EB87BB12AF172C10083E904 /* Resources */ = {
			isa = PBXResourcesBuildPhase;
			buildActionMask = 2147483647;
			files = (
			);
			runOnlyForDeploymentPostprocessing = 0;
		};
/* End PBXResourcesBuildPhase section */

/* Begin PBXSourcesBuildPhase section */
		0EB87B8F2AF172C00083E904 /* Sources */ = {
			isa = PBXSourcesBuildPhase;
			buildActionMask = 2147483647;
			files = (
				0EB87B9B2AF172C00083E904 /* ViewController.swift in Sources */,
				0EB87B972AF172C00083E904 /* AppDelegate.swift in Sources */,
				0EB87B992AF172C00083E904 /* SceneDelegate.swift in Sources */,
				0EB87BC72AF1759C0083E904 /* ResultViewController.swift in Sources */,
			);
			runOnlyForDeploymentPostprocessing = 0;
		};
		0EB87BA52AF172C10083E904 /* Sources */ = {
			isa = PBXSourcesBuildPhase;
			buildActionMask = 2147483647;
			files = (
				0EB87BAE2AF172C10083E904 /* DiscountAppWithMutliVCTests.swift in Sources */,
			);
			runOnlyForDeploymentPostprocessing = 0;
		};
		0EB87BAF2AF172C10083E904 /* Sources */ = {
			isa = PBXSourcesBuildPhase;
			buildActionMask = 2147483647;
			files = (
				0EB87BBA2AF172C10083E904 /* DiscountAppWithMutliVCUITestsLaunchTests.swift in Sources */,
				0EB87BB82AF172C10083E904 /* DiscountAppWithMutliVCUITests.swift in Sources */,
			);
			runOnlyForDeploymentPostprocessing = 0;
		};
/* End PBXSourcesBuildPhase section */

/* Begin PBXTargetDependency section */
		0EB87BAB2AF172C10083E904 /* PBXTargetDependency */ = {
			isa = PBXTargetDependency;
			target = 0EB87B922AF172C00083E904 /* DiscountAppWithMutliVC */;
			targetProxy = 0EB87BAA2AF172C10083E904 /* PBXContainerItemProxy */;
		};
		0EB87BB52AF172C10083E904 /* PBXTargetDependency */ = {
			isa = PBXTargetDependency;
			target = 0EB87B922AF172C00083E904 /* DiscountAppWithMutliVC */;
			targetProxy = 0EB87BB42AF172C10083E904 /* PBXContainerItemProxy */;
		};
/* End PBXTargetDependency section */

/* Begin PBXVariantGroup section */
		0EB87B9C2AF172C00083E904 /* Main.storyboard */ = {
			isa = PBXVariantGroup;
			children = (
				0EB87B9D2AF172C00083E904 /* Base */,
			);
			name = Main.storyboard;
			sourceTree = "<group>";
		};
		0EB87BA12AF172C00083E904 /* LaunchScreen.storyboard */ = {
			isa = PBXVariantGroup;
			children = (
				0EB87BA22AF172C00083E904 /* Base */,
			);
			name = LaunchScreen.storyboard;
			sourceTree = "<group>";
		};
/* End PBXVariantGroup section */

/* Begin XCBuildConfiguration section */
		0EB87BBB2AF172C10083E904 /* Debug */ = {
			isa = XCBuildConfiguration;
			buildSettings = {
				ALWAYS_SEARCH_USER_PATHS = NO;
				CLANG_ANALYZER_NONNULL = YES;
				CLANG_ANALYZER_NUMBER_OBJECT_CONVERSION = YES_AGGRESSIVE;
				CLANG_CXX_LANGUAGE_STANDARD = "gnu++20";
				CLANG_ENABLE_MODULES = YES;
				CLANG_ENABLE_OBJC_ARC = YES;
				CLANG_ENABLE_OBJC_WEAK = YES;
				CLANG_WARN_BLOCK_CAPTURE_AUTORELEASING = YES;
				CLANG_WARN_BOOL_CONVERSION = YES;
				CLANG_WARN_COMMA = YES;
				CLANG_WARN_CONSTANT_CONVERSION = YES;
				CLANG_WARN_DEPRECATED_OBJC_IMPLEMENTATIONS = YES;
				CLANG_WARN_DIRECT_OBJC_ISA_USAGE = YES_ERROR;
				CLANG_WARN_DOCUMENTATION_COMMENTS = YES;
				CLANG_WARN_EMPTY_BODY = YES;
				CLANG_WARN_ENUM_CONVERSION = YES;
				CLANG_WARN_INFINITE_RECURSION = YES;
				CLANG_WARN_INT_CONVERSION = YES;
				CLANG_WARN_NON_LITERAL_NULL_CONVERSION = YES;
				CLANG_WARN_OBJC_IMPLICIT_RETAIN_SELF = YES;
				CLANG_WARN_OBJC_LITERAL_CONVERSION = YES;
				CLANG_WARN_OBJC_ROOT_CLASS = YES_ERROR;
				CLANG_WARN_QUOTED_INCLUDE_IN_FRAMEWORK_HEADER = YES;
				CLANG_WARN_RANGE_LOOP_ANALYSIS = YES;
				CLANG_WARN_STRICT_PROTOTYPES = YES;
				CLANG_WARN_SUSPICIOUS_MOVE = YES;
				CLANG_WARN_UNGUARDED_AVAILABILITY = YES_AGGRESSIVE;
				CLANG_WARN_UNREACHABLE_CODE = YES;
				CLANG_WARN__DUPLICATE_METHOD_MATCH = YES;
				COPY_PHASE_STRIP = NO;
				DEBUG_INFORMATION_FORMAT = dwarf;
				ENABLE_STRICT_OBJC_MSGSEND = YES;
				ENABLE_TESTABILITY = YES;
				GCC_C_LANGUAGE_STANDARD = gnu11;
				GCC_DYNAMIC_NO_PIC = NO;
				GCC_NO_COMMON_BLOCKS = YES;
				GCC_OPTIMIZATION_LEVEL = 0;
				GCC_PREPROCESSOR_DEFINITIONS = (
					"DEBUG=1",
					"$(inherited)",
				);
				GCC_WARN_64_TO_32_BIT_CONVERSION = YES;
				GCC_WARN_ABOUT_RETURN_TYPE = YES_ERROR;
				GCC_WARN_UNDECLARED_SELECTOR = YES;
				GCC_WARN_UNINITIALIZED_AUTOS = YES_AGGRESSIVE;
				GCC_WARN_UNUSED_FUNCTION = YES;
				GCC_WARN_UNUSED_VARIABLE = YES;
				IPHONEOS_DEPLOYMENT_TARGET = 16.4;
				MTL_ENABLE_DEBUG_INFO = INCLUDE_SOURCE;
				MTL_FAST_MATH = YES;
				ONLY_ACTIVE_ARCH = YES;
				SDKROOT = iphoneos;
				SWIFT_ACTIVE_COMPILATION_CONDITIONS = DEBUG;
				SWIFT_OPTIMIZATION_LEVEL = "-Onone";
			};
			name = Debug;
		};
		0EB87BBC2AF172C10083E904 /* Release */ = {
			isa = XCBuildConfiguration;
			buildSettings = {
				ALWAYS_SEARCH_USER_PATHS = NO;
				CLANG_ANALYZER_NONNULL = YES;
				CLANG_ANALYZER_NUMBER_OBJECT_CONVERSION = YES_AGGRESSIVE;
				CLANG_CXX_LANGUAGE_STANDARD = "gnu++20";
				CLANG_ENABLE_MODULES = YES;
				CLANG_ENABLE_OBJC_ARC = YES;
				CLANG_ENABLE_OBJC_WEAK = YES;
				CLANG_WARN_BLOCK_CAPTURE_AUTORELEASING = YES;
				CLANG_WARN_BOOL_CONVERSION = YES;
				CLANG_WARN_COMMA = YES;
				CLANG_WARN_CONSTANT_CONVERSION = YES;
				CLANG_WARN_DEPRECATED_OBJC_IMPLEMENTATIONS = YES;
				CLANG_WARN_DIRECT_OBJC_ISA_USAGE = YES_ERROR;
				CLANG_WARN_DOCUMENTATION_COMMENTS = YES;
				CLANG_WARN_EMPTY_BODY = YES;
				CLANG_WARN_ENUM_CONVERSION = YES;
				CLANG_WARN_INFINITE_RECURSION = YES;
				CLANG_WARN_INT_CONVERSION = YES;
				CLANG_WARN_NON_LITERAL_NULL_CONVERSION = YES;
				CLANG_WARN_OBJC_IMPLICIT_RETAIN_SELF = YES;
				CLANG_WARN_OBJC_LITERAL_CONVERSION = YES;
				CLANG_WARN_OBJC_ROOT_CLASS = YES_ERROR;
				CLANG_WARN_QUOTED_INCLUDE_IN_FRAMEWORK_HEADER = YES;
				CLANG_WARN_RANGE_LOOP_ANALYSIS = YES;
				CLANG_WARN_STRICT_PROTOTYPES = YES;
				CLANG_WARN_SUSPICIOUS_MOVE = YES;
				CLANG_WARN_UNGUARDED_AVAILABILITY = YES_AGGRESSIVE;
				CLANG_WARN_UNREACHABLE_CODE = YES;
				CLANG_WARN__DUPLICATE_METHOD_MATCH = YES;
				COPY_PHASE_STRIP = NO;
				DEBUG_INFORMATION_FORMAT = "dwarf-with-dsym";
				ENABLE_NS_ASSERTIONS = NO;
				ENABLE_STRICT_OBJC_MSGSEND = YES;
				GCC_C_LANGUAGE_STANDARD = gnu11;
				GCC_NO_COMMON_BLOCKS = YES;
				GCC_WARN_64_TO_32_BIT_CONVERSION = YES;
				GCC_WARN_ABOUT_RETURN_TYPE = YES_ERROR;
				GCC_WARN_UNDECLARED_SELECTOR = YES;
				GCC_WARN_UNINITIALIZED_AUTOS = YES_AGGRESSIVE;
				GCC_WARN_UNUSED_FUNCTION = YES;
				GCC_WARN_UNUSED_VARIABLE = YES;
				IPHONEOS_DEPLOYMENT_TARGET = 16.4;
				MTL_ENABLE_DEBUG_INFO = NO;
				MTL_FAST_MATH = YES;
				SDKROOT = iphoneos;
				SWIFT_COMPILATION_MODE = wholemodule;
				SWIFT_OPTIMIZATION_LEVEL = "-O";
				VALIDATE_PRODUCT = YES;
			};
			name = Release;
		};
		0EB87BBE2AF172C10083E904 /* Debug */ = {
			isa = XCBuildConfiguration;
			buildSettings = {
				ASSETCATALOG_COMPILER_APPICON_NAME = AppIcon;
				ASSETCATALOG_COMPILER_GLOBAL_ACCENT_COLOR_NAME = AccentColor;
				CODE_SIGN_STYLE = Automatic;
				CURRENT_PROJECT_VERSION = 1;
				GENERATE_INFOPLIST_FILE = YES;
				INFOPLIST_FILE = DiscountAppWithMutliVC/Info.plist;
				INFOPLIST_KEY_UIApplicationSupportsIndirectInputEvents = YES;
				INFOPLIST_KEY_UILaunchStoryboardName = LaunchScreen;
				INFOPLIST_KEY_UIMainStoryboardFile = Main;
				INFOPLIST_KEY_UISupportedInterfaceOrientations_iPad = "UIInterfaceOrientationPortrait UIInterfaceOrientationPortraitUpsideDown UIInterfaceOrientationLandscapeLeft UIInterfaceOrientationLandscapeRight";
				INFOPLIST_KEY_UISupportedInterfaceOrientations_iPhone = "UIInterfaceOrientationPortrait UIInterfaceOrientationLandscapeLeft UIInterfaceOrientationLandscapeRight";
				LD_RUNPATH_SEARCH_PATHS = (
					"$(inherited)",
					"@executable_path/Frameworks",
				);
				MARKETING_VERSION = 1.0;
				PRODUCT_BUNDLE_IDENTIFIER = nwmissouri.DiscountAppWithMutliVC;
				PRODUCT_NAME = "$(TARGET_NAME)";
				SWIFT_EMIT_LOC_STRINGS = YES;
				SWIFT_VERSION = 5.0;
				TARGETED_DEVICE_FAMILY = "1,2";
			};
			name = Debug;
		};
		0EB87BBF2AF172C10083E904 /* Release */ = {
			isa = XCBuildConfiguration;
			buildSettings = {
				ASSETCATALOG_COMPILER_APPICON_NAME = AppIcon;
				ASSETCATALOG_COMPILER_GLOBAL_ACCENT_COLOR_NAME = AccentColor;
				CODE_SIGN_STYLE = Automatic;
				CURRENT_PROJECT_VERSION = 1;
				GENERATE_INFOPLIST_FILE = YES;
				INFOPLIST_FILE = DiscountAppWithMutliVC/Info.plist;
				INFOPLIST_KEY_UIApplicationSupportsIndirectInputEvents = YES;
				INFOPLIST_KEY_UILaunchStoryboardName = LaunchScreen;
				INFOPLIST_KEY_UIMainStoryboardFile = Main;
				INFOPLIST_KEY_UISupportedInterfaceOrientations_iPad = "UIInterfaceOrientationPortrait UIInterfaceOrientationPortraitUpsideDown UIInterfaceOrientationLandscapeLeft UIInterfaceOrientationLandscapeRight";
				INFOPLIST_KEY_UISupportedInterfaceOrientations_iPhone = "UIInterfaceOrientationPortrait UIInterfaceOrientationLandscapeLeft UIInterfaceOrientationLandscapeRight";
				LD_RUNPATH_SEARCH_PATHS = (
					"$(inherited)",
					"@executable_path/Frameworks",
				);
				MARKETING_VERSION = 1.0;
				PRODUCT_BUNDLE_IDENTIFIER = nwmissouri.DiscountAppWithMutliVC;
				PRODUCT_NAME = "$(TARGET_NAME)";
				SWIFT_EMIT_LOC_STRINGS = YES;
				SWIFT_VERSION = 5.0;
				TARGETED_DEVICE_FAMILY = "1,2";
			};
			name = Release;
		};
		0EB87BC12AF172C10083E904 /* Debug */ = {
			isa = XCBuildConfiguration;
			buildSettings = {
				ALWAYS_EMBED_SWIFT_STANDARD_LIBRARIES = YES;
				BUNDLE_LOADER = "$(TEST_HOST)";
				CODE_SIGN_STYLE = Automatic;
				CURRENT_PROJECT_VERSION = 1;
				GENERATE_INFOPLIST_FILE = YES;
				IPHONEOS_DEPLOYMENT_TARGET = 16.4;
				MARKETING_VERSION = 1.0;
				PRODUCT_BUNDLE_IDENTIFIER = nwmissouri.DiscountAppWithMutliVCTests;
				PRODUCT_NAME = "$(TARGET_NAME)";
				SWIFT_EMIT_LOC_STRINGS = NO;
				SWIFT_VERSION = 5.0;
				TARGETED_DEVICE_FAMILY = "1,2";
				TEST_HOST = "$(BUILT_PRODUCTS_DIR)/DiscountAppWithMutliVC.app/$(BUNDLE_EXECUTABLE_FOLDER_PATH)/DiscountAppWithMutliVC";
			};
			name = Debug;
		};
		0EB87BC22AF172C10083E904 /* Release */ = {
			isa = XCBuildConfiguration;
			buildSettings = {
				ALWAYS_EMBED_SWIFT_STANDARD_LIBRARIES = YES;
				BUNDLE_LOADER = "$(TEST_HOST)";
				CODE_SIGN_STYLE = Automatic;
				CURRENT_PROJECT_VERSION = 1;
				GENERATE_INFOPLIST_FILE = YES;
				IPHONEOS_DEPLOYMENT_TARGET = 16.4;
				MARKETING_VERSION = 1.0;
				PRODUCT_BUNDLE_IDENTIFIER = nwmissouri.DiscountAppWithMutliVCTests;
				PRODUCT_NAME = "$(TARGET_NAME)";
				SWIFT_EMIT_LOC_STRINGS = NO;
				SWIFT_VERSION = 5.0;
				TARGETED_DEVICE_FAMILY = "1,2";
				TEST_HOST = "$(BUILT_PRODUCTS_DIR)/DiscountAppWithMutliVC.app/$(BUNDLE_EXECUTABLE_FOLDER_PATH)/DiscountAppWithMutliVC";
			};
			name = Release;
		};
		0EB87BC42AF172C10083E904 /* Debug */ = {
			isa = XCBuildConfiguration;
			buildSettings = {
				ALWAYS_EMBED_SWIFT_STANDARD_LIBRARIES = YES;
				CODE_SIGN_STYLE = Automatic;
				CURRENT_PROJECT_VERSION = 1;
				GENERATE_INFOPLIST_FILE = YES;
				MARKETING_VERSION = 1.0;
				PRODUCT_BUNDLE_IDENTIFIER = nwmissouri.DiscountAppWithMutliVCUITests;
				PRODUCT_NAME = "$(TARGET_NAME)";
				SWIFT_EMIT_LOC_STRINGS = NO;
				SWIFT_VERSION = 5.0;
				TARGETED_DEVICE_FAMILY = "1,2";
				TEST_TARGET_NAME = DiscountAppWithMutliVC;
			};
			name = Debug;
		};
		0EB87BC52AF172C10083E904 /* Release */ = {
			isa = XCBuildConfiguration;
			buildSettings = {
				ALWAYS_EMBED_SWIFT_STANDARD_LIBRARIES = YES;
				CODE_SIGN_STYLE = Automatic;
				CURRENT_PROJECT_VERSION = 1;
				GENERATE_INFOPLIST_FILE = YES;
				MARKETING_VERSION = 1.0;
				PRODUCT_BUNDLE_IDENTIFIER = nwmissouri.DiscountAppWithMutliVCUITests;
				PRODUCT_NAME = "$(TARGET_NAME)";
				SWIFT_EMIT_LOC_STRINGS = NO;
				SWIFT_VERSION = 5.0;
				TARGETED_DEVICE_FAMILY = "1,2";
				TEST_TARGET_NAME = DiscountAppWithMutliVC;
			};
			name = Release;
		};
/* End XCBuildConfiguration section */

/* Begin XCConfigurationList section */
		0EB87B8E2AF172BF0083E904 /* Build configuration list for PBXProject "DiscountAppWithMutliVC" */ = {
			isa = XCConfigurationList;
			buildConfigurations = (
				0EB87BBB2AF172C10083E904 /* Debug */,
				0EB87BBC2AF172C10083E904 /* Release */,
			);
			defaultConfigurationIsVisible = 0;
			defaultConfigurationName = Release;
		};
		0EB87BBD2AF172C10083E904 /* Build configuration list for PBXNativeTarget "DiscountAppWithMutliVC" */ = {
			isa = XCConfigurationList;
			buildConfigurations = (
				0EB87BBE2AF172C10083E904 /* Debug */,
				0EB87BBF2AF172C10083E904 /* Release */,
			);
			defaultConfigurationIsVisible = 0;
			defaultConfigurationName = Release;
		};
		0EB87BC02AF172C10083E904 /* Build configuration list for PBXNativeTarget "DiscountAppWithMutliVCTests" */ = {
			isa = XCConfigurationList;
			buildConfigurations = (
				0EB87BC12AF172C10083E904 /* Debug */,
				0EB87BC22AF172C10083E904 /* Release */,
			);
			defaultConfigurationIsVisible = 0;
			defaultConfigurationName = Release;
		};
		0EB87BC32AF172C10083E904 /* Build configuration list for PBXNativeTarget "DiscountAppWithMutliVCUITests" */ = {
			isa = XCConfigurationList;
			buildConfigurations = (
				0EB87BC42AF172C10083E904 /* Debug */,
				0EB87BC52AF172C10083E904 /* Release */,
			);
			defaultConfigurationIsVisible = 0;
			defaultConfigurationName = Release;
		};
/* End XCConfigurationList section */
	};
	rootObject = 0EB87B8B2AF172BF0083E904 /* Project object */;
}
