// !$*UTF8*$!
{
	archiveVersion = 1;
	classes = {
	};
	objectVersion = 56;
	objects = {

/* Begin PBXBuildFile section */
		222951892AB16230007CDD16 /* AppDelegate.swift in Sources */ = {isa = PBXBuildFile; fileRef = 222951882AB16230007CDD16 /* AppDelegate.swift */; };
		2229518B2AB16230007CDD16 /* SceneDelegate.swift in Sources */ = {isa = PBXBuildFile; fileRef = 2229518A2AB16230007CDD16 /* SceneDelegate.swift */; };
		2229518D2AB16230007CDD16 /* PlayWithAlphaNumVC.swift in Sources */ = {isa = PBXBuildFile; fileRef = 2229518C2AB16230007CDD16 /* PlayWithAlphaNumVC.swift */; };
		222951902AB16230007CDD16 /* Main.storyboard in Resources */ = {isa = PBXBuildFile; fileRef = 2229518E2AB16230007CDD16 /* Main.storyboard */; };
		222951922AB16232007CDD16 /* Assets.xcassets in Resources */ = {isa = PBXBuildFile; fileRef = 222951912AB16232007CDD16 /* Assets.xcassets */; };
		222951952AB16232007CDD16 /* LaunchScreen.storyboard in Resources */ = {isa = PBXBuildFile; fileRef = 222951932AB16232007CDD16 /* LaunchScreen.storyboard */; };
		222951A02AB16232007CDD16 /* PlayWithAlphaNumericsAppTests.swift in Sources */ = {isa = PBXBuildFile; fileRef = 2229519F2AB16232007CDD16 /* PlayWithAlphaNumericsAppTests.swift */; };
		222951AA2AB16232007CDD16 /* PlayWithAlphaNumericsAppUITests.swift in Sources */ = {isa = PBXBuildFile; fileRef = 222951A92AB16232007CDD16 /* PlayWithAlphaNumericsAppUITests.swift */; };
		222951AC2AB16232007CDD16 /* PlayWithAlphaNumericsAppUITestsLaunchTests.swift in Sources */ = {isa = PBXBuildFile; fileRef = 222951AB2AB16232007CDD16 /* PlayWithAlphaNumericsAppUITestsLaunchTests.swift */; };
		22B724EC2AB2677C006826A3 /* PlayWithAlphaNumVCViewController.swift in Sources */ = {isa = PBXBuildFile; fileRef = 22B724EB2AB2677C006826A3 /* PlayWithAlphaNumVCViewController.swift */; };
/* End PBXBuildFile section */

/* Begin PBXContainerItemProxy section */
		2229519C2AB16232007CDD16 /* PBXContainerItemProxy */ = {
			isa = PBXContainerItemProxy;
			containerPortal = 2229517D2AB16230007CDD16 /* Project object */;
			proxyType = 1;
			remoteGlobalIDString = 222951842AB16230007CDD16;
			remoteInfo = PlayWithAlphaNumericsApp;
		};
		222951A62AB16232007CDD16 /* PBXContainerItemProxy */ = {
			isa = PBXContainerItemProxy;
			containerPortal = 2229517D2AB16230007CDD16 /* Project object */;
			proxyType = 1;
			remoteGlobalIDString = 222951842AB16230007CDD16;
			remoteInfo = PlayWithAlphaNumericsApp;
		};
/* End PBXContainerItemProxy section */

/* Begin PBXFileReference section */
		222951852AB16230007CDD16 /* PlayWithAlphaNumericsApp.app */ = {isa = PBXFileReference; explicitFileType = wrapper.application; includeInIndex = 0; path = PlayWithAlphaNumericsApp.app; sourceTree = BUILT_PRODUCTS_DIR; };
		222951882AB16230007CDD16 /* AppDelegate.swift */ = {isa = PBXFileReference; lastKnownFileType = sourcecode.swift; path = AppDelegate.swift; sourceTree = "<group>"; };
		2229518A2AB16230007CDD16 /* SceneDelegate.swift */ = {isa = PBXFileReference; lastKnownFileType = sourcecode.swift; path = SceneDelegate.swift; sourceTree = "<group>"; };
		2229518C2AB16230007CDD16 /* PlayWithAlphaNumVC.swift */ = {isa = PBXFileReference; lastKnownFileType = sourcecode.swift; path = PlayWithAlphaNumVC.swift; sourceTree = "<group>"; };
		2229518F2AB16230007CDD16 /* Base */ = {isa = PBXFileReference; lastKnownFileType = file.storyboard; name = Base; path = Base.lproj/Main.storyboard; sourceTree = "<group>"; };
		222951912AB16232007CDD16 /* Assets.xcassets */ = {isa = PBXFileReference; lastKnownFileType = folder.assetcatalog; path = Assets.xcassets; sourceTree = "<group>"; };
		222951942AB16232007CDD16 /* Base */ = {isa = PBXFileReference; lastKnownFileType = file.storyboard; name = Base; path = Base.lproj/LaunchScreen.storyboard; sourceTree = "<group>"; };
		222951962AB16232007CDD16 /* Info.plist */ = {isa = PBXFileReference; lastKnownFileType = text.plist.xml; path = Info.plist; sourceTree = "<group>"; };
		2229519B2AB16232007CDD16 /* PlayWithAlphaNumericsAppTests.xctest */ = {isa = PBXFileReference; explicitFileType = wrapper.cfbundle; includeInIndex = 0; path = PlayWithAlphaNumericsAppTests.xctest; sourceTree = BUILT_PRODUCTS_DIR; };
		2229519F2AB16232007CDD16 /* PlayWithAlphaNumericsAppTests.swift */ = {isa = PBXFileReference; lastKnownFileType = sourcecode.swift; path = PlayWithAlphaNumericsAppTests.swift; sourceTree = "<group>"; };
		222951A52AB16232007CDD16 /* PlayWithAlphaNumericsAppUITests.xctest */ = {isa = PBXFileReference; explicitFileType = wrapper.cfbundle; includeInIndex = 0; path = PlayWithAlphaNumericsAppUITests.xctest; sourceTree = BUILT_PRODUCTS_DIR; };
		222951A92AB16232007CDD16 /* PlayWithAlphaNumericsAppUITests.swift */ = {isa = PBXFileReference; lastKnownFileType = sourcecode.swift; path = PlayWithAlphaNumericsAppUITests.swift; sourceTree = "<group>"; };
		222951AB2AB16232007CDD16 /* PlayWithAlphaNumericsAppUITestsLaunchTests.swift */ = {isa = PBXFileReference; lastKnownFileType = sourcecode.swift; path = PlayWithAlphaNumericsAppUITestsLaunchTests.swift; sourceTree = "<group>"; };
		22B724EB2AB2677C006826A3 /* PlayWithAlphaNumVCViewController.swift */ = {isa = PBXFileReference; lastKnownFileType = sourcecode.swift; path = PlayWithAlphaNumVCViewController.swift; sourceTree = "<group>"; };
/* End PBXFileReference section */

/* Begin PBXFrameworksBuildPhase section */
		222951822AB16230007CDD16 /* Frameworks */ = {
			isa = PBXFrameworksBuildPhase;
			buildActionMask = 2147483647;
			files = (
			);
			runOnlyForDeploymentPostprocessing = 0;
		};
		222951982AB16232007CDD16 /* Frameworks */ = {
			isa = PBXFrameworksBuildPhase;
			buildActionMask = 2147483647;
			files = (
			);
			runOnlyForDeploymentPostprocessing = 0;
		};
		222951A22AB16232007CDD16 /* Frameworks */ = {
			isa = PBXFrameworksBuildPhase;
			buildActionMask = 2147483647;
			files = (
			);
			runOnlyForDeploymentPostprocessing = 0;
		};
/* End PBXFrameworksBuildPhase section */

/* Begin PBXGroup section */
		2229517C2AB16230007CDD16 = {
			isa = PBXGroup;
			children = (
				222951872AB16230007CDD16 /* PlayWithAlphaNumericsApp */,
				2229519E2AB16232007CDD16 /* PlayWithAlphaNumericsAppTests */,
				222951A82AB16232007CDD16 /* PlayWithAlphaNumericsAppUITests */,
				222951862AB16230007CDD16 /* Products */,
			);
			sourceTree = "<group>";
		};
		222951862AB16230007CDD16 /* Products */ = {
			isa = PBXGroup;
			children = (
				222951852AB16230007CDD16 /* PlayWithAlphaNumericsApp.app */,
				2229519B2AB16232007CDD16 /* PlayWithAlphaNumericsAppTests.xctest */,
				222951A52AB16232007CDD16 /* PlayWithAlphaNumericsAppUITests.xctest */,
			);
			name = Products;
			sourceTree = "<group>";
		};
		222951872AB16230007CDD16 /* PlayWithAlphaNumericsApp */ = {
			isa = PBXGroup;
			children = (
				222951882AB16230007CDD16 /* AppDelegate.swift */,
				2229518A2AB16230007CDD16 /* SceneDelegate.swift */,
				2229518C2AB16230007CDD16 /* PlayWithAlphaNumVC.swift */,
				2229518E2AB16230007CDD16 /* Main.storyboard */,
				22B724EB2AB2677C006826A3 /* PlayWithAlphaNumVCViewController.swift */,
				222951912AB16232007CDD16 /* Assets.xcassets */,
				222951932AB16232007CDD16 /* LaunchScreen.storyboard */,
				222951962AB16232007CDD16 /* Info.plist */,
			);
			path = PlayWithAlphaNumericsApp;
			sourceTree = "<group>";
		};
		2229519E2AB16232007CDD16 /* PlayWithAlphaNumericsAppTests */ = {
			isa = PBXGroup;
			children = (
				2229519F2AB16232007CDD16 /* PlayWithAlphaNumericsAppTests.swift */,
			);
			path = PlayWithAlphaNumericsAppTests;
			sourceTree = "<group>";
		};
		222951A82AB16232007CDD16 /* PlayWithAlphaNumericsAppUITests */ = {
			isa = PBXGroup;
			children = (
				222951A92AB16232007CDD16 /* PlayWithAlphaNumericsAppUITests.swift */,
				222951AB2AB16232007CDD16 /* PlayWithAlphaNumericsAppUITestsLaunchTests.swift */,
			);
			path = PlayWithAlphaNumericsAppUITests;
			sourceTree = "<group>";
		};
/* End PBXGroup section */

/* Begin PBXNativeTarget section */
		222951842AB16230007CDD16 /* PlayWithAlphaNumericsApp */ = {
			isa = PBXNativeTarget;
			buildConfigurationList = 222951AF2AB16232007CDD16 /* Build configuration list for PBXNativeTarget "PlayWithAlphaNumericsApp" */;
			buildPhases = (
				222951812AB16230007CDD16 /* Sources */,
				222951822AB16230007CDD16 /* Frameworks */,
				222951832AB16230007CDD16 /* Resources */,
			);
			buildRules = (
			);
			dependencies = (
			);
			name = PlayWithAlphaNumericsApp;
			productName = PlayWithAlphaNumericsApp;
			productReference = 222951852AB16230007CDD16 /* PlayWithAlphaNumericsApp.app */;
			productType = "com.apple.product-type.application";
		};
		2229519A2AB16232007CDD16 /* PlayWithAlphaNumericsAppTests */ = {
			isa = PBXNativeTarget;
			buildConfigurationList = 222951B22AB16232007CDD16 /* Build configuration list for PBXNativeTarget "PlayWithAlphaNumericsAppTests" */;
			buildPhases = (
				222951972AB16232007CDD16 /* Sources */,
				222951982AB16232007CDD16 /* Frameworks */,
				222951992AB16232007CDD16 /* Resources */,
			);
			buildRules = (
			);
			dependencies = (
				2229519D2AB16232007CDD16 /* PBXTargetDependency */,
			);
			name = PlayWithAlphaNumericsAppTests;
			productName = PlayWithAlphaNumericsAppTests;
			productReference = 2229519B2AB16232007CDD16 /* PlayWithAlphaNumericsAppTests.xctest */;
			productType = "com.apple.product-type.bundle.unit-test";
		};
		222951A42AB16232007CDD16 /* PlayWithAlphaNumericsAppUITests */ = {
			isa = PBXNativeTarget;
			buildConfigurationList = 222951B52AB16232007CDD16 /* Build configuration list for PBXNativeTarget "PlayWithAlphaNumericsAppUITests" */;
			buildPhases = (
				222951A12AB16232007CDD16 /* Sources */,
				222951A22AB16232007CDD16 /* Frameworks */,
				222951A32AB16232007CDD16 /* Resources */,
			);
			buildRules = (
			);
			dependencies = (
				222951A72AB16232007CDD16 /* PBXTargetDependency */,
			);
			name = PlayWithAlphaNumericsAppUITests;
			productName = PlayWithAlphaNumericsAppUITests;
			productReference = 222951A52AB16232007CDD16 /* PlayWithAlphaNumericsAppUITests.xctest */;
			productType = "com.apple.product-type.bundle.ui-testing";
		};
/* End PBXNativeTarget section */

/* Begin PBXProject section */
		2229517D2AB16230007CDD16 /* Project object */ = {
			isa = PBXProject;
			attributes = {
				BuildIndependentTargetsInParallel = 1;
				LastSwiftUpdateCheck = 1430;
				LastUpgradeCheck = 1430;
				TargetAttributes = {
					222951842AB16230007CDD16 = {
						CreatedOnToolsVersion = 14.3.1;
					};
					2229519A2AB16232007CDD16 = {
						CreatedOnToolsVersion = 14.3.1;
						TestTargetID = 222951842AB16230007CDD16;
					};
					222951A42AB16232007CDD16 = {
						CreatedOnToolsVersion = 14.3.1;
						TestTargetID = 222951842AB16230007CDD16;
					};
				};
			};
			buildConfigurationList = 222951802AB16230007CDD16 /* Build configuration list for PBXProject "PlayWithAlphaNumericsApp" */;
			compatibilityVersion = "Xcode 14.0";
			developmentRegion = en;
			hasScannedForEncodings = 0;
			knownRegions = (
				en,
				Base,
			);
			mainGroup = 2229517C2AB16230007CDD16;
			productRefGroup = 222951862AB16230007CDD16 /* Products */;
			projectDirPath = "";
			projectRoot = "";
			targets = (
				222951842AB16230007CDD16 /* PlayWithAlphaNumericsApp */,
				2229519A2AB16232007CDD16 /* PlayWithAlphaNumericsAppTests */,
				222951A42AB16232007CDD16 /* PlayWithAlphaNumericsAppUITests */,
			);
		};
/* End PBXProject section */

/* Begin PBXResourcesBuildPhase section */
		222951832AB16230007CDD16 /* Resources */ = {
			isa = PBXResourcesBuildPhase;
			buildActionMask = 2147483647;
			files = (
				222951952AB16232007CDD16 /* LaunchScreen.storyboard in Resources */,
				222951922AB16232007CDD16 /* Assets.xcassets in Resources */,
				222951902AB16230007CDD16 /* Main.storyboard in Resources */,
			);
			runOnlyForDeploymentPostprocessing = 0;
		};
		222951992AB16232007CDD16 /* Resources */ = {
			isa = PBXResourcesBuildPhase;
			buildActionMask = 2147483647;
			files = (
			);
			runOnlyForDeploymentPostprocessing = 0;
		};
		222951A32AB16232007CDD16 /* Resources */ = {
			isa = PBXResourcesBuildPhase;
			buildActionMask = 2147483647;
			files = (
			);
			runOnlyForDeploymentPostprocessing = 0;
		};
/* End PBXResourcesBuildPhase section */

/* Begin PBXSourcesBuildPhase section */
		222951812AB16230007CDD16 /* Sources */ = {
			isa = PBXSourcesBuildPhase;
			buildActionMask = 2147483647;
			files = (
				2229518D2AB16230007CDD16 /* PlayWithAlphaNumVC.swift in Sources */,
				22B724EC2AB2677C006826A3 /* PlayWithAlphaNumVCViewController.swift in Sources */,
				222951892AB16230007CDD16 /* AppDelegate.swift in Sources */,
				2229518B2AB16230007CDD16 /* SceneDelegate.swift in Sources */,
			);
			runOnlyForDeploymentPostprocessing = 0;
		};
		222951972AB16232007CDD16 /* Sources */ = {
			isa = PBXSourcesBuildPhase;
			buildActionMask = 2147483647;
			files = (
				222951A02AB16232007CDD16 /* PlayWithAlphaNumericsAppTests.swift in Sources */,
			);
			runOnlyForDeploymentPostprocessing = 0;
		};
		222951A12AB16232007CDD16 /* Sources */ = {
			isa = PBXSourcesBuildPhase;
			buildActionMask = 2147483647;
			files = (
				222951AA2AB16232007CDD16 /* PlayWithAlphaNumericsAppUITests.swift in Sources */,
				222951AC2AB16232007CDD16 /* PlayWithAlphaNumericsAppUITestsLaunchTests.swift in Sources */,
			);
			runOnlyForDeploymentPostprocessing = 0;
		};
/* End PBXSourcesBuildPhase section */

/* Begin PBXTargetDependency section */
		2229519D2AB16232007CDD16 /* PBXTargetDependency */ = {
			isa = PBXTargetDependency;
			target = 222951842AB16230007CDD16 /* PlayWithAlphaNumericsApp */;
			targetProxy = 2229519C2AB16232007CDD16 /* PBXContainerItemProxy */;
		};
		222951A72AB16232007CDD16 /* PBXTargetDependency */ = {
			isa = PBXTargetDependency;
			target = 222951842AB16230007CDD16 /* PlayWithAlphaNumericsApp */;
			targetProxy = 222951A62AB16232007CDD16 /* PBXContainerItemProxy */;
		};
/* End PBXTargetDependency section */

/* Begin PBXVariantGroup section */
		2229518E2AB16230007CDD16 /* Main.storyboard */ = {
			isa = PBXVariantGroup;
			children = (
				2229518F2AB16230007CDD16 /* Base */,
			);
			name = Main.storyboard;
			sourceTree = "<group>";
		};
		222951932AB16232007CDD16 /* LaunchScreen.storyboard */ = {
			isa = PBXVariantGroup;
			children = (
				222951942AB16232007CDD16 /* Base */,
			);
			name = LaunchScreen.storyboard;
			sourceTree = "<group>";
		};
/* End PBXVariantGroup section */

/* Begin XCBuildConfiguration section */
		222951AD2AB16232007CDD16 /* Debug */ = {
			isa = XCBuildConfiguration;
			buildSettings = {
				ALWAYS_SEARCH_USER_PATHS = NO;
				CLANG_ANALYZER_NONNULL = YES;
				CLANG_ANALYZER_NUMBER_OBJECT_CONVERSION = YES_AGGRESSIVE;
				CLANG_CXX_LANGUAGE_STANDARD = "gnu++20";
				CLANG_ENABLE_MODULES = YES;
				CLANG_ENABLE_OBJC_ARC = YES;
				CLANG_ENABLE_OBJC_WEAK = YES;
				CLANG_WARN_BLOCK_CAPTURE_AUTORELEASING = YES;
				CLANG_WARN_BOOL_CONVERSION = YES;
				CLANG_WARN_COMMA = YES;
				CLANG_WARN_CONSTANT_CONVERSION = YES;
				CLANG_WARN_DEPRECATED_OBJC_IMPLEMENTATIONS = YES;
				CLANG_WARN_DIRECT_OBJC_ISA_USAGE = YES_ERROR;
				CLANG_WARN_DOCUMENTATION_COMMENTS = YES;
				CLANG_WARN_EMPTY_BODY = YES;
				CLANG_WARN_ENUM_CONVERSION = YES;
				CLANG_WARN_INFINITE_RECURSION = YES;
				CLANG_WARN_INT_CONVERSION = YES;
				CLANG_WARN_NON_LITERAL_NULL_CONVERSION = YES;
				CLANG_WARN_OBJC_IMPLICIT_RETAIN_SELF = YES;
				CLANG_WARN_OBJC_LITERAL_CONVERSION = YES;
				CLANG_WARN_OBJC_ROOT_CLASS = YES_ERROR;
				CLANG_WARN_QUOTED_INCLUDE_IN_FRAMEWORK_HEADER = YES;
				CLANG_WARN_RANGE_LOOP_ANALYSIS = YES;
				CLANG_WARN_STRICT_PROTOTYPES = YES;
				CLANG_WARN_SUSPICIOUS_MOVE = YES;
				CLANG_WARN_UNGUARDED_AVAILABILITY = YES_AGGRESSIVE;
				CLANG_WARN_UNREACHABLE_CODE = YES;
				CLANG_WARN__DUPLICATE_METHOD_MATCH = YES;
				COPY_PHASE_STRIP = NO;
				DEBUG_INFORMATION_FORMAT = dwarf;
				ENABLE_STRICT_OBJC_MSGSEND = YES;
				ENABLE_TESTABILITY = YES;
				GCC_C_LANGUAGE_STANDARD = gnu11;
				GCC_DYNAMIC_NO_PIC = NO;
				GCC_NO_COMMON_BLOCKS = YES;
				GCC_OPTIMIZATION_LEVEL = 0;
				GCC_PREPROCESSOR_DEFINITIONS = (
					"DEBUG=1",
					"$(inherited)",
				);
				GCC_WARN_64_TO_32_BIT_CONVERSION = YES;
				GCC_WARN_ABOUT_RETURN_TYPE = YES_ERROR;
				GCC_WARN_UNDECLARED_SELECTOR = YES;
				GCC_WARN_UNINITIALIZED_AUTOS = YES_AGGRESSIVE;
				GCC_WARN_UNUSED_FUNCTION = YES;
				GCC_WARN_UNUSED_VARIABLE = YES;
				IPHONEOS_DEPLOYMENT_TARGET = 16.4;
				MTL_ENABLE_DEBUG_INFO = INCLUDE_SOURCE;
				MTL_FAST_MATH = YES;
				ONLY_ACTIVE_ARCH = YES;
				SDKROOT = iphoneos;
				SWIFT_ACTIVE_COMPILATION_CONDITIONS = DEBUG;
				SWIFT_OPTIMIZATION_LEVEL = "-Onone";
			};
			name = Debug;
		};
		222951AE2AB16232007CDD16 /* Release */ = {
			isa = XCBuildConfiguration;
			buildSettings = {
				ALWAYS_SEARCH_USER_PATHS = NO;
				CLANG_ANALYZER_NONNULL = YES;
				CLANG_ANALYZER_NUMBER_OBJECT_CONVERSION = YES_AGGRESSIVE;
				CLANG_CXX_LANGUAGE_STANDARD = "gnu++20";
				CLANG_ENABLE_MODULES = YES;
				CLANG_ENABLE_OBJC_ARC = YES;
				CLANG_ENABLE_OBJC_WEAK = YES;
				CLANG_WARN_BLOCK_CAPTURE_AUTORELEASING = YES;
				CLANG_WARN_BOOL_CONVERSION = YES;
				CLANG_WARN_COMMA = YES;
				CLANG_WARN_CONSTANT_CONVERSION = YES;
				CLANG_WARN_DEPRECATED_OBJC_IMPLEMENTATIONS = YES;
				CLANG_WARN_DIRECT_OBJC_ISA_USAGE = YES_ERROR;
				CLANG_WARN_DOCUMENTATION_COMMENTS = YES;
				CLANG_WARN_EMPTY_BODY = YES;
				CLANG_WARN_ENUM_CONVERSION = YES;
				CLANG_WARN_INFINITE_RECURSION = YES;
				CLANG_WARN_INT_CONVERSION = YES;
				CLANG_WARN_NON_LITERAL_NULL_CONVERSION = YES;
				CLANG_WARN_OBJC_IMPLICIT_RETAIN_SELF = YES;
				CLANG_WARN_OBJC_LITERAL_CONVERSION = YES;
				CLANG_WARN_OBJC_ROOT_CLASS = YES_ERROR;
				CLANG_WARN_QUOTED_INCLUDE_IN_FRAMEWORK_HEADER = YES;
				CLANG_WARN_RANGE_LOOP_ANALYSIS = YES;
				CLANG_WARN_STRICT_PROTOTYPES = YES;
				CLANG_WARN_SUSPICIOUS_MOVE = YES;
				CLANG_WARN_UNGUARDED_AVAILABILITY = YES_AGGRESSIVE;
				CLANG_WARN_UNREACHABLE_CODE = YES;
				CLANG_WARN__DUPLICATE_METHOD_MATCH = YES;
				COPY_PHASE_STRIP = NO;
				DEBUG_INFORMATION_FORMAT = "dwarf-with-dsym";
				ENABLE_NS_ASSERTIONS = NO;
				ENABLE_STRICT_OBJC_MSGSEND = YES;
				GCC_C_LANGUAGE_STANDARD = gnu11;
				GCC_NO_COMMON_BLOCKS = YES;
				GCC_WARN_64_TO_32_BIT_CONVERSION = YES;
				GCC_WARN_ABOUT_RETURN_TYPE = YES_ERROR;
				GCC_WARN_UNDECLARED_SELECTOR = YES;
				GCC_WARN_UNINITIALIZED_AUTOS = YES_AGGRESSIVE;
				GCC_WARN_UNUSED_FUNCTION = YES;
				GCC_WARN_UNUSED_VARIABLE = YES;
				IPHONEOS_DEPLOYMENT_TARGET = 16.4;
				MTL_ENABLE_DEBUG_INFO = NO;
				MTL_FAST_MATH = YES;
				SDKROOT = iphoneos;
				SWIFT_COMPILATION_MODE = wholemodule;
				SWIFT_OPTIMIZATION_LEVEL = "-O";
				VALIDATE_PRODUCT = YES;
			};
			name = Release;
		};
		222951B02AB16232007CDD16 /* Debug */ = {
			isa = XCBuildConfiguration;
			buildSettings = {
				ASSETCATALOG_COMPILER_APPICON_NAME = AppIcon;
				ASSETCATALOG_COMPILER_GLOBAL_ACCENT_COLOR_NAME = AccentColor;
				CODE_SIGN_STYLE = Automatic;
				CURRENT_PROJECT_VERSION = 1;
				GENERATE_INFOPLIST_FILE = YES;
				INFOPLIST_FILE = PlayWithAlphaNumericsApp/Info.plist;
				INFOPLIST_KEY_UIApplicationSupportsIndirectInputEvents = YES;
				INFOPLIST_KEY_UILaunchStoryboardName = LaunchScreen;
				INFOPLIST_KEY_UIMainStoryboardFile = Main;
				INFOPLIST_KEY_UISupportedInterfaceOrientations_iPad = "UIInterfaceOrientationPortrait UIInterfaceOrientationPortraitUpsideDown UIInterfaceOrientationLandscapeLeft UIInterfaceOrientationLandscapeRight";
				INFOPLIST_KEY_UISupportedInterfaceOrientations_iPhone = "UIInterfaceOrientationPortrait UIInterfaceOrientationLandscapeLeft UIInterfaceOrientationLandscapeRight";
				LD_RUNPATH_SEARCH_PATHS = (
					"$(inherited)",
					"@executable_path/Frameworks",
				);
				MARKETING_VERSION = 1.0;
				PRODUCT_BUNDLE_IDENTIFIER = edu.northwest.PlayWithAlphaNumericsApp;
				PRODUCT_NAME = "$(TARGET_NAME)";
				SWIFT_EMIT_LOC_STRINGS = YES;
				SWIFT_VERSION = 5.0;
				TARGETED_DEVICE_FAMILY = "1,2";
			};
			name = Debug;
		};
		222951B12AB16232007CDD16 /* Release */ = {
			isa = XCBuildConfiguration;
			buildSettings = {
				ASSETCATALOG_COMPILER_APPICON_NAME = AppIcon;
				ASSETCATALOG_COMPILER_GLOBAL_ACCENT_COLOR_NAME = AccentColor;
				CODE_SIGN_STYLE = Automatic;
				CURRENT_PROJECT_VERSION = 1;
				GENERATE_INFOPLIST_FILE = YES;
				INFOPLIST_FILE = PlayWithAlphaNumericsApp/Info.plist;
				INFOPLIST_KEY_UIApplicationSupportsIndirectInputEvents = YES;
				INFOPLIST_KEY_UILaunchStoryboardName = LaunchScreen;
				INFOPLIST_KEY_UIMainStoryboardFile = Main;
				INFOPLIST_KEY_UISupportedInterfaceOrientations_iPad = "UIInterfaceOrientationPortrait UIInterfaceOrientationPortraitUpsideDown UIInterfaceOrientationLandscapeLeft UIInterfaceOrientationLandscapeRight";
				INFOPLIST_KEY_UISupportedInterfaceOrientations_iPhone = "UIInterfaceOrientationPortrait UIInterfaceOrientationLandscapeLeft UIInterfaceOrientationLandscapeRight";
				LD_RUNPATH_SEARCH_PATHS = (
					"$(inherited)",
					"@executable_path/Frameworks",
				);
				MARKETING_VERSION = 1.0;
				PRODUCT_BUNDLE_IDENTIFIER = edu.northwest.PlayWithAlphaNumericsApp;
				PRODUCT_NAME = "$(TARGET_NAME)";
				SWIFT_EMIT_LOC_STRINGS = YES;
				SWIFT_VERSION = 5.0;
				TARGETED_DEVICE_FAMILY = "1,2";
			};
			name = Release;
		};
		222951B32AB16232007CDD16 /* Debug */ = {
			isa = XCBuildConfiguration;
			buildSettings = {
				ALWAYS_EMBED_SWIFT_STANDARD_LIBRARIES = YES;
				BUNDLE_LOADER = "$(TEST_HOST)";
				CODE_SIGN_STYLE = Automatic;
				CURRENT_PROJECT_VERSION = 1;
				GENERATE_INFOPLIST_FILE = YES;
				IPHONEOS_DEPLOYMENT_TARGET = 16.4;
				MARKETING_VERSION = 1.0;
				PRODUCT_BUNDLE_IDENTIFIER = edu.northwest.PlayWithAlphaNumericsAppTests;
				PRODUCT_NAME = "$(TARGET_NAME)";
				SWIFT_EMIT_LOC_STRINGS = NO;
				SWIFT_VERSION = 5.0;
				TARGETED_DEVICE_FAMILY = "1,2";
				TEST_HOST = "$(BUILT_PRODUCTS_DIR)/PlayWithAlphaNumericsApp.app/$(BUNDLE_EXECUTABLE_FOLDER_PATH)/PlayWithAlphaNumericsApp";
			};
			name = Debug;
		};
		222951B42AB16232007CDD16 /* Release */ = {
			isa = XCBuildConfiguration;
			buildSettings = {
				ALWAYS_EMBED_SWIFT_STANDARD_LIBRARIES = YES;
				BUNDLE_LOADER = "$(TEST_HOST)";
				CODE_SIGN_STYLE = Automatic;
				CURRENT_PROJECT_VERSION = 1;
				GENERATE_INFOPLIST_FILE = YES;
				IPHONEOS_DEPLOYMENT_TARGET = 16.4;
				MARKETING_VERSION = 1.0;
				PRODUCT_BUNDLE_IDENTIFIER = edu.northwest.PlayWithAlphaNumericsAppTests;
				PRODUCT_NAME = "$(TARGET_NAME)";
				SWIFT_EMIT_LOC_STRINGS = NO;
				SWIFT_VERSION = 5.0;
				TARGETED_DEVICE_FAMILY = "1,2";
				TEST_HOST = "$(BUILT_PRODUCTS_DIR)/PlayWithAlphaNumericsApp.app/$(BUNDLE_EXECUTABLE_FOLDER_PATH)/PlayWithAlphaNumericsApp";
			};
			name = Release;
		};
		222951B62AB16232007CDD16 /* Debug */ = {
			isa = XCBuildConfiguration;
			buildSettings = {
				ALWAYS_EMBED_SWIFT_STANDARD_LIBRARIES = YES;
				CODE_SIGN_STYLE = Automatic;
				CURRENT_PROJECT_VERSION = 1;
				GENERATE_INFOPLIST_FILE = YES;
				MARKETING_VERSION = 1.0;
				PRODUCT_BUNDLE_IDENTIFIER = edu.northwest.PlayWithAlphaNumericsAppUITests;
				PRODUCT_NAME = "$(TARGET_NAME)";
				SWIFT_EMIT_LOC_STRINGS = NO;
				SWIFT_VERSION = 5.0;
				TARGETED_DEVICE_FAMILY = "1,2";
				TEST_TARGET_NAME = PlayWithAlphaNumericsApp;
			};
			name = Debug;
		};
		222951B72AB16232007CDD16 /* Release */ = {
			isa = XCBuildConfiguration;
			buildSettings = {
				ALWAYS_EMBED_SWIFT_STANDARD_LIBRARIES = YES;
				CODE_SIGN_STYLE = Automatic;
				CURRENT_PROJECT_VERSION = 1;
				GENERATE_INFOPLIST_FILE = YES;
				MARKETING_VERSION = 1.0;
				PRODUCT_BUNDLE_IDENTIFIER = edu.northwest.PlayWithAlphaNumericsAppUITests;
				PRODUCT_NAME = "$(TARGET_NAME)";
				SWIFT_EMIT_LOC_STRINGS = NO;
				SWIFT_VERSION = 5.0;
				TARGETED_DEVICE_FAMILY = "1,2";
				TEST_TARGET_NAME = PlayWithAlphaNumericsApp;
			};
			name = Release;
		};
/* End XCBuildConfiguration section */

/* Begin XCConfigurationList section */
		222951802AB16230007CDD16 /* Build configuration list for PBXProject "PlayWithAlphaNumericsApp" */ = {
			isa = XCConfigurationList;
			buildConfigurations = (
				222951AD2AB16232007CDD16 /* Debug */,
				222951AE2AB16232007CDD16 /* Release */,
			);
			defaultConfigurationIsVisible = 0;
			defaultConfigurationName = Release;
		};
		222951AF2AB16232007CDD16 /* Build configuration list for PBXNativeTarget "PlayWithAlphaNumericsApp" */ = {
			isa = XCConfigurationList;
			buildConfigurations = (
				222951B02AB16232007CDD16 /* Debug */,
				222951B12AB16232007CDD16 /* Release */,
			);
			defaultConfigurationIsVisible = 0;
			defaultConfigurationName = Release;
		};
		222951B22AB16232007CDD16 /* Build configuration list for PBXNativeTarget "PlayWithAlphaNumericsAppTests" */ = {
			isa = XCConfigurationList;
			buildConfigurations = (
				222951B32AB16232007CDD16 /* Debug */,
				222951B42AB16232007CDD16 /* Release */,
			);
			defaultConfigurationIsVisible = 0;
			defaultConfigurationName = Release;
		};
		222951B52AB16232007CDD16 /* Build configuration list for PBXNativeTarget "PlayWithAlphaNumericsAppUITests" */ = {
			isa = XCConfigurationList;
			buildConfigurations = (
				222951B62AB16232007CDD16 /* Debug */,
				222951B72AB16232007CDD16 /* Release */,
			);
			defaultConfigurationIsVisible = 0;
			defaultConfigurationName = Release;
		};
/* End XCConfigurationList section */
	};
	rootObject = 2229517D2AB16230007CDD16 /* Project object */;
}
