// !$*UTF8*$!
{
	archiveVersion = 1;
	classes = {
	};
	objectVersion = 56;
	objects = {

/* Begin PBXBuildFile section */
		F9DB200E2ADE50C00037B931 /* AppDelegate.swift in Sources */ = {isa = PBXBuildFile; fileRef = F9DB200D2ADE50C00037B931 /* AppDelegate.swift */; };
		F9DB20102ADE50C00037B931 /* SceneDelegate.swift in Sources */ = {isa = PBXBuildFile; fileRef = F9DB200F2ADE50C00037B931 /* SceneDelegate.swift */; };
		F9DB20122ADE50C00037B931 /* ViewController.swift in Sources */ = {isa = PBXBuildFile; fileRef = F9DB20112ADE50C00037B931 /* ViewController.swift */; };
		F9DB20152ADE50C10037B931 /* Main.storyboard in Resources */ = {isa = PBXBuildFile; fileRef = F9DB20132ADE50C10037B931 /* Main.storyboard */; };
		F9DB20172ADE50C30037B931 /* Assets.xcassets in Resources */ = {isa = PBXBuildFile; fileRef = F9DB20162ADE50C30037B931 /* Assets.xcassets */; };
		F9DB201A2ADE50C30037B931 /* LaunchScreen.storyboard in Resources */ = {isa = PBXBuildFile; fileRef = F9DB20182ADE50C30037B931 /* LaunchScreen.storyboard */; };
		F9DB20252ADE50C30037B931 /* Ganji_WordGuessTests.swift in Sources */ = {isa = PBXBuildFile; fileRef = F9DB20242ADE50C30037B931 /* Ganji_WordGuessTests.swift */; };
		F9DB202F2ADE50C30037B931 /* Ganji_WordGuessUITests.swift in Sources */ = {isa = PBXBuildFile; fileRef = F9DB202E2ADE50C30037B931 /* Ganji_WordGuessUITests.swift */; };
		F9DB20312ADE50C30037B931 /* Ganji_WordGuessUITestsLaunchTests.swift in Sources */ = {isa = PBXBuildFile; fileRef = F9DB20302ADE50C30037B931 /* Ganji_WordGuessUITestsLaunchTests.swift */; };
/* End PBXBuildFile section */

/* Begin PBXContainerItemProxy section */
		F9DB20212ADE50C30037B931 /* PBXContainerItemProxy */ = {
			isa = PBXContainerItemProxy;
			containerPortal = F9DB20022ADE50C00037B931 /* Project object */;
			proxyType = 1;
			remoteGlobalIDString = F9DB20092ADE50C00037B931;
			remoteInfo = Ganji_WordGuess;
		};
		F9DB202B2ADE50C30037B931 /* PBXContainerItemProxy */ = {
			isa = PBXContainerItemProxy;
			containerPortal = F9DB20022ADE50C00037B931 /* Project object */;
			proxyType = 1;
			remoteGlobalIDString = F9DB20092ADE50C00037B931;
			remoteInfo = Ganji_WordGuess;
		};
/* End PBXContainerItemProxy section */

/* Begin PBXFileReference section */
		F9DB200A2ADE50C00037B931 /* Ganji_WordGuess.app */ = {isa = PBXFileReference; explicitFileType = wrapper.application; includeInIndex = 0; path = Ganji_WordGuess.app; sourceTree = BUILT_PRODUCTS_DIR; };
		F9DB200D2ADE50C00037B931 /* AppDelegate.swift */ = {isa = PBXFileReference; lastKnownFileType = sourcecode.swift; path = AppDelegate.swift; sourceTree = "<group>"; };
		F9DB200F2ADE50C00037B931 /* SceneDelegate.swift */ = {isa = PBXFileReference; lastKnownFileType = sourcecode.swift; path = SceneDelegate.swift; sourceTree = "<group>"; };
		F9DB20112ADE50C00037B931 /* ViewController.swift */ = {isa = PBXFileReference; lastKnownFileType = sourcecode.swift; path = ViewController.swift; sourceTree = "<group>"; };
		F9DB20142ADE50C10037B931 /* Base */ = {isa = PBXFileReference; lastKnownFileType = file.storyboard; name = Base; path = Base.lproj/Main.storyboard; sourceTree = "<group>"; };
		F9DB20162ADE50C30037B931 /* Assets.xcassets */ = {isa = PBXFileReference; lastKnownFileType = folder.assetcatalog; path = Assets.xcassets; sourceTree = "<group>"; };
		F9DB20192ADE50C30037B931 /* Base */ = {isa = PBXFileReference; lastKnownFileType = file.storyboard; name = Base; path = Base.lproj/LaunchScreen.storyboard; sourceTree = "<group>"; };
		F9DB201B2ADE50C30037B931 /* Info.plist */ = {isa = PBXFileReference; lastKnownFileType = text.plist.xml; path = Info.plist; sourceTree = "<group>"; };
		F9DB20202ADE50C30037B931 /* Ganji_WordGuessTests.xctest */ = {isa = PBXFileReference; explicitFileType = wrapper.cfbundle; includeInIndex = 0; path = Ganji_WordGuessTests.xctest; sourceTree = BUILT_PRODUCTS_DIR; };
		F9DB20242ADE50C30037B931 /* Ganji_WordGuessTests.swift */ = {isa = PBXFileReference; lastKnownFileType = sourcecode.swift; path = Ganji_WordGuessTests.swift; sourceTree = "<group>"; };
		F9DB202A2ADE50C30037B931 /* Ganji_WordGuessUITests.xctest */ = {isa = PBXFileReference; explicitFileType = wrapper.cfbundle; includeInIndex = 0; path = Ganji_WordGuessUITests.xctest; sourceTree = BUILT_PRODUCTS_DIR; };
		F9DB202E2ADE50C30037B931 /* Ganji_WordGuessUITests.swift */ = {isa = PBXFileReference; lastKnownFileType = sourcecode.swift; path = Ganji_WordGuessUITests.swift; sourceTree = "<group>"; };
		F9DB20302ADE50C30037B931 /* Ganji_WordGuessUITestsLaunchTests.swift */ = {isa = PBXFileReference; lastKnownFileType = sourcecode.swift; path = Ganji_WordGuessUITestsLaunchTests.swift; sourceTree = "<group>"; };
/* End PBXFileReference section */

/* Begin PBXFrameworksBuildPhase section */
		F9DB20072ADE50C00037B931 /* Frameworks */ = {
			isa = PBXFrameworksBuildPhase;
			buildActionMask = 2147483647;
			files = (
			);
			runOnlyForDeploymentPostprocessing = 0;
		};
		F9DB201D2ADE50C30037B931 /* Frameworks */ = {
			isa = PBXFrameworksBuildPhase;
			buildActionMask = 2147483647;
			files = (
			);
			runOnlyForDeploymentPostprocessing = 0;
		};
		F9DB20272ADE50C30037B931 /* Frameworks */ = {
			isa = PBXFrameworksBuildPhase;
			buildActionMask = 2147483647;
			files = (
			);
			runOnlyForDeploymentPostprocessing = 0;
		};
/* End PBXFrameworksBuildPhase section */

/* Begin PBXGroup section */
		F9DB20012ADE50C00037B931 = {
			isa = PBXGroup;
			children = (
				F9DB200C2ADE50C00037B931 /* Ganji_WordGuess */,
				F9DB20232ADE50C30037B931 /* Ganji_WordGuessTests */,
				F9DB202D2ADE50C30037B931 /* Ganji_WordGuessUITests */,
				F9DB200B2ADE50C00037B931 /* Products */,
			);
			sourceTree = "<group>";
		};
		F9DB200B2ADE50C00037B931 /* Products */ = {
			isa = PBXGroup;
			children = (
				F9DB200A2ADE50C00037B931 /* Ganji_WordGuess.app */,
				F9DB20202ADE50C30037B931 /* Ganji_WordGuessTests.xctest */,
				F9DB202A2ADE50C30037B931 /* Ganji_WordGuessUITests.xctest */,
			);
			name = Products;
			sourceTree = "<group>";
		};
		F9DB200C2ADE50C00037B931 /* Ganji_WordGuess */ = {
			isa = PBXGroup;
			children = (
				F9DB200D2ADE50C00037B931 /* AppDelegate.swift */,
				F9DB200F2ADE50C00037B931 /* SceneDelegate.swift */,
				F9DB20112ADE50C00037B931 /* ViewController.swift */,
				F9DB20132ADE50C10037B931 /* Main.storyboard */,
				F9DB20162ADE50C30037B931 /* Assets.xcassets */,
				F9DB20182ADE50C30037B931 /* LaunchScreen.storyboard */,
				F9DB201B2ADE50C30037B931 /* Info.plist */,
			);
			path = Ganji_WordGuess;
			sourceTree = "<group>";
		};
		F9DB20232ADE50C30037B931 /* Ganji_WordGuessTests */ = {
			isa = PBXGroup;
			children = (
				F9DB20242ADE50C30037B931 /* Ganji_WordGuessTests.swift */,
			);
			path = Ganji_WordGuessTests;
			sourceTree = "<group>";
		};
		F9DB202D2ADE50C30037B931 /* Ganji_WordGuessUITests */ = {
			isa = PBXGroup;
			children = (
				F9DB202E2ADE50C30037B931 /* Ganji_WordGuessUITests.swift */,
				F9DB20302ADE50C30037B931 /* Ganji_WordGuessUITestsLaunchTests.swift */,
			);
			path = Ganji_WordGuessUITests;
			sourceTree = "<group>";
		};
/* End PBXGroup section */

/* Begin PBXNativeTarget section */
		F9DB20092ADE50C00037B931 /* Ganji_WordGuess */ = {
			isa = PBXNativeTarget;
			buildConfigurationList = F9DB20342ADE50C30037B931 /* Build configuration list for PBXNativeTarget "Ganji_WordGuess" */;
			buildPhases = (
				F9DB20062ADE50C00037B931 /* Sources */,
				F9DB20072ADE50C00037B931 /* Frameworks */,
				F9DB20082ADE50C00037B931 /* Resources */,
			);
			buildRules = (
			);
			dependencies = (
			);
			name = Ganji_WordGuess;
			productName = Ganji_WordGuess;
			productReference = F9DB200A2ADE50C00037B931 /* Ganji_WordGuess.app */;
			productType = "com.apple.product-type.application";
		};
		F9DB201F2ADE50C30037B931 /* Ganji_WordGuessTests */ = {
			isa = PBXNativeTarget;
			buildConfigurationList = F9DB20372ADE50C30037B931 /* Build configuration list for PBXNativeTarget "Ganji_WordGuessTests" */;
			buildPhases = (
				F9DB201C2ADE50C30037B931 /* Sources */,
				F9DB201D2ADE50C30037B931 /* Frameworks */,
				F9DB201E2ADE50C30037B931 /* Resources */,
			);
			buildRules = (
			);
			dependencies = (
				F9DB20222ADE50C30037B931 /* PBXTargetDependency */,
			);
			name = Ganji_WordGuessTests;
			productName = Ganji_WordGuessTests;
			productReference = F9DB20202ADE50C30037B931 /* Ganji_WordGuessTests.xctest */;
			productType = "com.apple.product-type.bundle.unit-test";
		};
		F9DB20292ADE50C30037B931 /* Ganji_WordGuessUITests */ = {
			isa = PBXNativeTarget;
			buildConfigurationList = F9DB203A2ADE50C30037B931 /* Build configuration list for PBXNativeTarget "Ganji_WordGuessUITests" */;
			buildPhases = (
				F9DB20262ADE50C30037B931 /* Sources */,
				F9DB20272ADE50C30037B931 /* Frameworks */,
				F9DB20282ADE50C30037B931 /* Resources */,
			);
			buildRules = (
			);
			dependencies = (
				F9DB202C2ADE50C30037B931 /* PBXTargetDependency */,
			);
			name = Ganji_WordGuessUITests;
			productName = Ganji_WordGuessUITests;
			productReference = F9DB202A2ADE50C30037B931 /* Ganji_WordGuessUITests.xctest */;
			productType = "com.apple.product-type.bundle.ui-testing";
		};
/* End PBXNativeTarget section */

/* Begin PBXProject section */
		F9DB20022ADE50C00037B931 /* Project object */ = {
			isa = PBXProject;
			attributes = {
				BuildIndependentTargetsInParallel = 1;
				LastSwiftUpdateCheck = 1500;
				LastUpgradeCheck = 1500;
				TargetAttributes = {
					F9DB20092ADE50C00037B931 = {
						CreatedOnToolsVersion = 15.0;
					};
					F9DB201F2ADE50C30037B931 = {
						CreatedOnToolsVersion = 15.0;
						TestTargetID = F9DB20092ADE50C00037B931;
					};
					F9DB20292ADE50C30037B931 = {
						CreatedOnToolsVersion = 15.0;
						TestTargetID = F9DB20092ADE50C00037B931;
					};
				};
			};
			buildConfigurationList = F9DB20052ADE50C00037B931 /* Build configuration list for PBXProject "Ganji_WordGuess" */;
			compatibilityVersion = "Xcode 14.0";
			developmentRegion = en;
			hasScannedForEncodings = 0;
			knownRegions = (
				en,
				Base,
			);
			mainGroup = F9DB20012ADE50C00037B931;
			productRefGroup = F9DB200B2ADE50C00037B931 /* Products */;
			projectDirPath = "";
			projectRoot = "";
			targets = (
				F9DB20092ADE50C00037B931 /* Ganji_WordGuess */,
				F9DB201F2ADE50C30037B931 /* Ganji_WordGuessTests */,
				F9DB20292ADE50C30037B931 /* Ganji_WordGuessUITests */,
			);
		};
/* End PBXProject section */

/* Begin PBXResourcesBuildPhase section */
		F9DB20082ADE50C00037B931 /* Resources */ = {
			isa = PBXResourcesBuildPhase;
			buildActionMask = 2147483647;
			files = (
				F9DB201A2ADE50C30037B931 /* LaunchScreen.storyboard in Resources */,
				F9DB20172ADE50C30037B931 /* Assets.xcassets in Resources */,
				F9DB20152ADE50C10037B931 /* Main.storyboard in Resources */,
			);
			runOnlyForDeploymentPostprocessing = 0;
		};
		F9DB201E2ADE50C30037B931 /* Resources */ = {
			isa = PBXResourcesBuildPhase;
			buildActionMask = 2147483647;
			files = (
			);
			runOnlyForDeploymentPostprocessing = 0;
		};
		F9DB20282ADE50C30037B931 /* Resources */ = {
			isa = PBXResourcesBuildPhase;
			buildActionMask = 2147483647;
			files = (
			);
			runOnlyForDeploymentPostprocessing = 0;
		};
/* End PBXResourcesBuildPhase section */

/* Begin PBXSourcesBuildPhase section */
		F9DB20062ADE50C00037B931 /* Sources */ = {
			isa = PBXSourcesBuildPhase;
			buildActionMask = 2147483647;
			files = (
				F9DB20122ADE50C00037B931 /* ViewController.swift in Sources */,
				F9DB200E2ADE50C00037B931 /* AppDelegate.swift in Sources */,
				F9DB20102ADE50C00037B931 /* SceneDelegate.swift in Sources */,
			);
			runOnlyForDeploymentPostprocessing = 0;
		};
		F9DB201C2ADE50C30037B931 /* Sources */ = {
			isa = PBXSourcesBuildPhase;
			buildActionMask = 2147483647;
			files = (
				F9DB20252ADE50C30037B931 /* Ganji_WordGuessTests.swift in Sources */,
			);
			runOnlyForDeploymentPostprocessing = 0;
		};
		F9DB20262ADE50C30037B931 /* Sources */ = {
			isa = PBXSourcesBuildPhase;
			buildActionMask = 2147483647;
			files = (
				F9DB20312ADE50C30037B931 /* Ganji_WordGuessUITestsLaunchTests.swift in Sources */,
				F9DB202F2ADE50C30037B931 /* Ganji_WordGuessUITests.swift in Sources */,
			);
			runOnlyForDeploymentPostprocessing = 0;
		};
/* End PBXSourcesBuildPhase section */

/* Begin PBXTargetDependency section */
		F9DB20222ADE50C30037B931 /* PBXTargetDependency */ = {
			isa = PBXTargetDependency;
			target = F9DB20092ADE50C00037B931 /* Ganji_WordGuess */;
			targetProxy = F9DB20212ADE50C30037B931 /* PBXContainerItemProxy */;
		};
		F9DB202C2ADE50C30037B931 /* PBXTargetDependency */ = {
			isa = PBXTargetDependency;
			target = F9DB20092ADE50C00037B931 /* Ganji_WordGuess */;
			targetProxy = F9DB202B2ADE50C30037B931 /* PBXContainerItemProxy */;
		};
/* End PBXTargetDependency section */

/* Begin PBXVariantGroup section */
		F9DB20132ADE50C10037B931 /* Main.storyboard */ = {
			isa = PBXVariantGroup;
			children = (
				F9DB20142ADE50C10037B931 /* Base */,
			);
			name = Main.storyboard;
			sourceTree = "<group>";
		};
		F9DB20182ADE50C30037B931 /* LaunchScreen.storyboard */ = {
			isa = PBXVariantGroup;
			children = (
				F9DB20192ADE50C30037B931 /* Base */,
			);
			name = LaunchScreen.storyboard;
			sourceTree = "<group>";
		};
/* End PBXVariantGroup section */

/* Begin XCBuildConfiguration section */
		F9DB20322ADE50C30037B931 /* Debug */ = {
			isa = XCBuildConfiguration;
			buildSettings = {
				ALWAYS_SEARCH_USER_PATHS = NO;
				ASSETCATALOG_COMPILER_GENERATE_SWIFT_ASSET_SYMBOL_EXTENSIONS = YES;
				CLANG_ANALYZER_NONNULL = YES;
				CLANG_ANALYZER_NUMBER_OBJECT_CONVERSION = YES_AGGRESSIVE;
				CLANG_CXX_LANGUAGE_STANDARD = "gnu++20";
				CLANG_ENABLE_MODULES = YES;
				CLANG_ENABLE_OBJC_ARC = YES;
				CLANG_ENABLE_OBJC_WEAK = YES;
				CLANG_WARN_BLOCK_CAPTURE_AUTORELEASING = YES;
				CLANG_WARN_BOOL_CONVERSION = YES;
				CLANG_WARN_COMMA = YES;
				CLANG_WARN_CONSTANT_CONVERSION = YES;
				CLANG_WARN_DEPRECATED_OBJC_IMPLEMENTATIONS = YES;
				CLANG_WARN_DIRECT_OBJC_ISA_USAGE = YES_ERROR;
				CLANG_WARN_DOCUMENTATION_COMMENTS = YES;
				CLANG_WARN_EMPTY_BODY = YES;
				CLANG_WARN_ENUM_CONVERSION = YES;
				CLANG_WARN_INFINITE_RECURSION = YES;
				CLANG_WARN_INT_CONVERSION = YES;
				CLANG_WARN_NON_LITERAL_NULL_CONVERSION = YES;
				CLANG_WARN_OBJC_IMPLICIT_RETAIN_SELF = YES;
				CLANG_WARN_OBJC_LITERAL_CONVERSION = YES;
				CLANG_WARN_OBJC_ROOT_CLASS = YES_ERROR;
				CLANG_WARN_QUOTED_INCLUDE_IN_FRAMEWORK_HEADER = YES;
				CLANG_WARN_RANGE_LOOP_ANALYSIS = YES;
				CLANG_WARN_STRICT_PROTOTYPES = YES;
				CLANG_WARN_SUSPICIOUS_MOVE = YES;
				CLANG_WARN_UNGUARDED_AVAILABILITY = YES_AGGRESSIVE;
				CLANG_WARN_UNREACHABLE_CODE = YES;
				CLANG_WARN__DUPLICATE_METHOD_MATCH = YES;
				COPY_PHASE_STRIP = NO;
				DEBUG_INFORMATION_FORMAT = dwarf;
				ENABLE_STRICT_OBJC_MSGSEND = YES;
				ENABLE_TESTABILITY = YES;
				ENABLE_USER_SCRIPT_SANDBOXING = YES;
				GCC_C_LANGUAGE_STANDARD = gnu17;
				GCC_DYNAMIC_NO_PIC = NO;
				GCC_NO_COMMON_BLOCKS = YES;
				GCC_OPTIMIZATION_LEVEL = 0;
				GCC_PREPROCESSOR_DEFINITIONS = (
					"DEBUG=1",
					"$(inherited)",
				);
				GCC_WARN_64_TO_32_BIT_CONVERSION = YES;
				GCC_WARN_ABOUT_RETURN_TYPE = YES_ERROR;
				GCC_WARN_UNDECLARED_SELECTOR = YES;
				GCC_WARN_UNINITIALIZED_AUTOS = YES_AGGRESSIVE;
				GCC_WARN_UNUSED_FUNCTION = YES;
				GCC_WARN_UNUSED_VARIABLE = YES;
				IPHONEOS_DEPLOYMENT_TARGET = 17.0;
				LOCALIZATION_PREFERS_STRING_CATALOGS = YES;
				MTL_ENABLE_DEBUG_INFO = INCLUDE_SOURCE;
				MTL_FAST_MATH = YES;
				ONLY_ACTIVE_ARCH = YES;
				SDKROOT = iphoneos;
				SWIFT_ACTIVE_COMPILATION_CONDITIONS = "DEBUG $(inherited)";
				SWIFT_OPTIMIZATION_LEVEL = "-Onone";
			};
			name = Debug;
		};
		F9DB20332ADE50C30037B931 /* Release */ = {
			isa = XCBuildConfiguration;
			buildSettings = {
				ALWAYS_SEARCH_USER_PATHS = NO;
				ASSETCATALOG_COMPILER_GENERATE_SWIFT_ASSET_SYMBOL_EXTENSIONS = YES;
				CLANG_ANALYZER_NONNULL = YES;
				CLANG_ANALYZER_NUMBER_OBJECT_CONVERSION = YES_AGGRESSIVE;
				CLANG_CXX_LANGUAGE_STANDARD = "gnu++20";
				CLANG_ENABLE_MODULES = YES;
				CLANG_ENABLE_OBJC_ARC = YES;
				CLANG_ENABLE_OBJC_WEAK = YES;
				CLANG_WARN_BLOCK_CAPTURE_AUTORELEASING = YES;
				CLANG_WARN_BOOL_CONVERSION = YES;
				CLANG_WARN_COMMA = YES;
				CLANG_WARN_CONSTANT_CONVERSION = YES;
				CLANG_WARN_DEPRECATED_OBJC_IMPLEMENTATIONS = YES;
				CLANG_WARN_DIRECT_OBJC_ISA_USAGE = YES_ERROR;
				CLANG_WARN_DOCUMENTATION_COMMENTS = YES;
				CLANG_WARN_EMPTY_BODY = YES;
				CLANG_WARN_ENUM_CONVERSION = YES;
				CLANG_WARN_INFINITE_RECURSION = YES;
				CLANG_WARN_INT_CONVERSION = YES;
				CLANG_WARN_NON_LITERAL_NULL_CONVERSION = YES;
				CLANG_WARN_OBJC_IMPLICIT_RETAIN_SELF = YES;
				CLANG_WARN_OBJC_LITERAL_CONVERSION = YES;
				CLANG_WARN_OBJC_ROOT_CLASS = YES_ERROR;
				CLANG_WARN_QUOTED_INCLUDE_IN_FRAMEWORK_HEADER = YES;
				CLANG_WARN_RANGE_LOOP_ANALYSIS = YES;
				CLANG_WARN_STRICT_PROTOTYPES = YES;
				CLANG_WARN_SUSPICIOUS_MOVE = YES;
				CLANG_WARN_UNGUARDED_AVAILABILITY = YES_AGGRESSIVE;
				CLANG_WARN_UNREACHABLE_CODE = YES;
				CLANG_WARN__DUPLICATE_METHOD_MATCH = YES;
				COPY_PHASE_STRIP = NO;
				DEBUG_INFORMATION_FORMAT = "dwarf-with-dsym";
				ENABLE_NS_ASSERTIONS = NO;
				ENABLE_STRICT_OBJC_MSGSEND = YES;
				ENABLE_USER_SCRIPT_SANDBOXING = YES;
				GCC_C_LANGUAGE_STANDARD = gnu17;
				GCC_NO_COMMON_BLOCKS = YES;
				GCC_WARN_64_TO_32_BIT_CONVERSION = YES;
				GCC_WARN_ABOUT_RETURN_TYPE = YES_ERROR;
				GCC_WARN_UNDECLARED_SELECTOR = YES;
				GCC_WARN_UNINITIALIZED_AUTOS = YES_AGGRESSIVE;
				GCC_WARN_UNUSED_FUNCTION = YES;
				GCC_WARN_UNUSED_VARIABLE = YES;
				IPHONEOS_DEPLOYMENT_TARGET = 17.0;
				LOCALIZATION_PREFERS_STRING_CATALOGS = YES;
				MTL_ENABLE_DEBUG_INFO = NO;
				MTL_FAST_MATH = YES;
				SDKROOT = iphoneos;
				SWIFT_COMPILATION_MODE = wholemodule;
				VALIDATE_PRODUCT = YES;
			};
			name = Release;
		};
		F9DB20352ADE50C30037B931 /* Debug */ = {
			isa = XCBuildConfiguration;
			buildSettings = {
				ASSETCATALOG_COMPILER_APPICON_NAME = AppIcon;
				ASSETCATALOG_COMPILER_GLOBAL_ACCENT_COLOR_NAME = AccentColor;
				CODE_SIGN_STYLE = Automatic;
				CURRENT_PROJECT_VERSION = 1;
				GENERATE_INFOPLIST_FILE = YES;
				INFOPLIST_FILE = Ganji_WordGuess/Info.plist;
				INFOPLIST_KEY_UIApplicationSupportsIndirectInputEvents = YES;
				INFOPLIST_KEY_UILaunchStoryboardName = LaunchScreen;
				INFOPLIST_KEY_UIMainStoryboardFile = Main;
				INFOPLIST_KEY_UISupportedInterfaceOrientations_iPad = "UIInterfaceOrientationPortrait UIInterfaceOrientationPortraitUpsideDown UIInterfaceOrientationLandscapeLeft UIInterfaceOrientationLandscapeRight";
				INFOPLIST_KEY_UISupportedInterfaceOrientations_iPhone = "UIInterfaceOrientationPortrait UIInterfaceOrientationLandscapeLeft UIInterfaceOrientationLandscapeRight";
				IPHONEOS_DEPLOYMENT_TARGET = 15.5;
				LD_RUNPATH_SEARCH_PATHS = (
					"$(inherited)",
					"@executable_path/Frameworks",
				);
				MARKETING_VERSION = 1.0;
				PRODUCT_BUNDLE_IDENTIFIER = "nwmsu.Ganji-WordGuess";
				PRODUCT_NAME = "$(TARGET_NAME)";
				SWIFT_EMIT_LOC_STRINGS = YES;
				SWIFT_VERSION = 5.0;
				TARGETED_DEVICE_FAMILY = "1,2";
			};
			name = Debug;
		};
		F9DB20362ADE50C30037B931 /* Release */ = {
			isa = XCBuildConfiguration;
			buildSettings = {
				ASSETCATALOG_COMPILER_APPICON_NAME = AppIcon;
				ASSETCATALOG_COMPILER_GLOBAL_ACCENT_COLOR_NAME = AccentColor;
				CODE_SIGN_STYLE = Automatic;
				CURRENT_PROJECT_VERSION = 1;
				GENERATE_INFOPLIST_FILE = YES;
				INFOPLIST_FILE = Ganji_WordGuess/Info.plist;
				INFOPLIST_KEY_UIApplicationSupportsIndirectInputEvents = YES;
				INFOPLIST_KEY_UILaunchStoryboardName = LaunchScreen;
				INFOPLIST_KEY_UIMainStoryboardFile = Main;
				INFOPLIST_KEY_UISupportedInterfaceOrientations_iPad = "UIInterfaceOrientationPortrait UIInterfaceOrientationPortraitUpsideDown UIInterfaceOrientationLandscapeLeft UIInterfaceOrientationLandscapeRight";
				INFOPLIST_KEY_UISupportedInterfaceOrientations_iPhone = "UIInterfaceOrientationPortrait UIInterfaceOrientationLandscapeLeft UIInterfaceOrientationLandscapeRight";
				IPHONEOS_DEPLOYMENT_TARGET = 15.5;
				LD_RUNPATH_SEARCH_PATHS = (
					"$(inherited)",
					"@executable_path/Frameworks",
				);
				MARKETING_VERSION = 1.0;
				PRODUCT_BUNDLE_IDENTIFIER = "nwmsu.Ganji-WordGuess";
				PRODUCT_NAME = "$(TARGET_NAME)";
				SWIFT_EMIT_LOC_STRINGS = YES;
				SWIFT_VERSION = 5.0;
				TARGETED_DEVICE_FAMILY = "1,2";
			};
			name = Release;
		};
		F9DB20382ADE50C30037B931 /* Debug */ = {
			isa = XCBuildConfiguration;
			buildSettings = {
				ALWAYS_EMBED_SWIFT_STANDARD_LIBRARIES = YES;
				BUNDLE_LOADER = "$(TEST_HOST)";
				CODE_SIGN_STYLE = Automatic;
				CURRENT_PROJECT_VERSION = 1;
				GENERATE_INFOPLIST_FILE = YES;
				IPHONEOS_DEPLOYMENT_TARGET = 17.0;
				MARKETING_VERSION = 1.0;
				PRODUCT_BUNDLE_IDENTIFIER = "nwmsu.Ganji-WordGuessTests";
				PRODUCT_NAME = "$(TARGET_NAME)";
				SWIFT_EMIT_LOC_STRINGS = NO;
				SWIFT_VERSION = 5.0;
				TARGETED_DEVICE_FAMILY = "1,2";
				TEST_HOST = "$(BUILT_PRODUCTS_DIR)/Ganji_WordGuess.app/$(BUNDLE_EXECUTABLE_FOLDER_PATH)/Ganji_WordGuess";
			};
			name = Debug;
		};
		F9DB20392ADE50C30037B931 /* Release */ = {
			isa = XCBuildConfiguration;
			buildSettings = {
				ALWAYS_EMBED_SWIFT_STANDARD_LIBRARIES = YES;
				BUNDLE_LOADER = "$(TEST_HOST)";
				CODE_SIGN_STYLE = Automatic;
				CURRENT_PROJECT_VERSION = 1;
				GENERATE_INFOPLIST_FILE = YES;
				IPHONEOS_DEPLOYMENT_TARGET = 17.0;
				MARKETING_VERSION = 1.0;
				PRODUCT_BUNDLE_IDENTIFIER = "nwmsu.Ganji-WordGuessTests";
				PRODUCT_NAME = "$(TARGET_NAME)";
				SWIFT_EMIT_LOC_STRINGS = NO;
				SWIFT_VERSION = 5.0;
				TARGETED_DEVICE_FAMILY = "1,2";
				TEST_HOST = "$(BUILT_PRODUCTS_DIR)/Ganji_WordGuess.app/$(BUNDLE_EXECUTABLE_FOLDER_PATH)/Ganji_WordGuess";
			};
			name = Release;
		};
		F9DB203B2ADE50C30037B931 /* Debug */ = {
			isa = XCBuildConfiguration;
			buildSettings = {
				ALWAYS_EMBED_SWIFT_STANDARD_LIBRARIES = YES;
				CODE_SIGN_STYLE = Automatic;
				CURRENT_PROJECT_VERSION = 1;
				GENERATE_INFOPLIST_FILE = YES;
				MARKETING_VERSION = 1.0;
				PRODUCT_BUNDLE_IDENTIFIER = "nwmsu.Ganji-WordGuessUITests";
				PRODUCT_NAME = "$(TARGET_NAME)";
				SWIFT_EMIT_LOC_STRINGS = NO;
				SWIFT_VERSION = 5.0;
				TARGETED_DEVICE_FAMILY = "1,2";
				TEST_TARGET_NAME = Ganji_WordGuess;
			};
			name = Debug;
		};
		F9DB203C2ADE50C30037B931 /* Release */ = {
			isa = XCBuildConfiguration;
			buildSettings = {
				ALWAYS_EMBED_SWIFT_STANDARD_LIBRARIES = YES;
				CODE_SIGN_STYLE = Automatic;
				CURRENT_PROJECT_VERSION = 1;
				GENERATE_INFOPLIST_FILE = YES;
				MARKETING_VERSION = 1.0;
				PRODUCT_BUNDLE_IDENTIFIER = "nwmsu.Ganji-WordGuessUITests";
				PRODUCT_NAME = "$(TARGET_NAME)";
				SWIFT_EMIT_LOC_STRINGS = NO;
				SWIFT_VERSION = 5.0;
				TARGETED_DEVICE_FAMILY = "1,2";
				TEST_TARGET_NAME = Ganji_WordGuess;
			};
			name = Release;
		};
/* End XCBuildConfiguration section */

/* Begin XCConfigurationList section */
		F9DB20052ADE50C00037B931 /* Build configuration list for PBXProject "Ganji_WordGuess" */ = {
			isa = XCConfigurationList;
			buildConfigurations = (
				F9DB20322ADE50C30037B931 /* Debug */,
				F9DB20332ADE50C30037B931 /* Release */,
			);
			defaultConfigurationIsVisible = 0;
			defaultConfigurationName = Release;
		};
		F9DB20342ADE50C30037B931 /* Build configuration list for PBXNativeTarget "Ganji_WordGuess" */ = {
			isa = XCConfigurationList;
			buildConfigurations = (
				F9DB20352ADE50C30037B931 /* Debug */,
				F9DB20362ADE50C30037B931 /* Release */,
			);
			defaultConfigurationIsVisible = 0;
			defaultConfigurationName = Release;
		};
		F9DB20372ADE50C30037B931 /* Build configuration list for PBXNativeTarget "Ganji_WordGuessTests" */ = {
			isa = XCConfigurationList;
			buildConfigurations = (
				F9DB20382ADE50C30037B931 /* Debug */,
				F9DB20392ADE50C30037B931 /* Release */,
			);
			defaultConfigurationIsVisible = 0;
			defaultConfigurationName = Release;
		};
		F9DB203A2ADE50C30037B931 /* Build configuration list for PBXNativeTarget "Ganji_WordGuessUITests" */ = {
			isa = XCConfigurationList;
			buildConfigurations = (
				F9DB203B2ADE50C30037B931 /* Debug */,
				F9DB203C2ADE50C30037B931 /* Release */,
			);
			defaultConfigurationIsVisible = 0;
			defaultConfigurationName = Release;
		};
/* End XCConfigurationList section */
	};
	rootObject = F9DB20022ADE50C00037B931 /* Project object */;
}
