// !$*UTF8*$!
{
	archiveVersion = 1;
	classes = {
	};
	objectVersion = 56;
	objects = {

/* Begin PBXBuildFile section */
		F9CFD6462AF2091F00208D67 /* AppDelegate.swift in Sources */ = {isa = PBXBuildFile; fileRef = F9CFD6452AF2091F00208D67 /* AppDelegate.swift */; };
		F9CFD6482AF2091F00208D67 /* SceneDelegate.swift in Sources */ = {isa = PBXBuildFile; fileRef = F9CFD6472AF2091F00208D67 /* SceneDelegate.swift */; };
		F9CFD64A2AF2091F00208D67 /* HomeViewController.swift in Sources */ = {isa = PBXBuildFile; fileRef = F9CFD6492AF2091F00208D67 /* HomeViewController.swift */; };
		F9CFD64D2AF2091F00208D67 /* Main.storyboard in Resources */ = {isa = PBXBuildFile; fileRef = F9CFD64B2AF2091F00208D67 /* Main.storyboard */; };
		F9CFD64F2AF2092000208D67 /* Assets.xcassets in Resources */ = {isa = PBXBuildFile; fileRef = F9CFD64E2AF2092000208D67 /* Assets.xcassets */; };
		F9CFD6522AF2092000208D67 /* LaunchScreen.storyboard in Resources */ = {isa = PBXBuildFile; fileRef = F9CFD6502AF2092000208D67 /* LaunchScreen.storyboard */; };
		F9CFD65D2AF2092000208D67 /* DisplayAppMultiViewControllerTests.swift in Sources */ = {isa = PBXBuildFile; fileRef = F9CFD65C2AF2092000208D67 /* DisplayAppMultiViewControllerTests.swift */; };
		F9CFD6672AF2092000208D67 /* DisplayAppMultiViewControllerUITests.swift in Sources */ = {isa = PBXBuildFile; fileRef = F9CFD6662AF2092000208D67 /* DisplayAppMultiViewControllerUITests.swift */; };
		F9CFD6692AF2092000208D67 /* DisplayAppMultiViewControllerUITestsLaunchTests.swift in Sources */ = {isa = PBXBuildFile; fileRef = F9CFD6682AF2092000208D67 /* DisplayAppMultiViewControllerUITestsLaunchTests.swift */; };
		F9CFD6762AF20D7100208D67 /* ResultViewController.swift in Sources */ = {isa = PBXBuildFile; fileRef = F9CFD6752AF20D7100208D67 /* ResultViewController.swift */; };
/* End PBXBuildFile section */

/* Begin PBXContainerItemProxy section */
		F9CFD6592AF2092000208D67 /* PBXContainerItemProxy */ = {
			isa = PBXContainerItemProxy;
			containerPortal = F9CFD63A2AF2091F00208D67 /* Project object */;
			proxyType = 1;
			remoteGlobalIDString = F9CFD6412AF2091F00208D67;
			remoteInfo = DisplayAppMultiViewController;
		};
		F9CFD6632AF2092000208D67 /* PBXContainerItemProxy */ = {
			isa = PBXContainerItemProxy;
			containerPortal = F9CFD63A2AF2091F00208D67 /* Project object */;
			proxyType = 1;
			remoteGlobalIDString = F9CFD6412AF2091F00208D67;
			remoteInfo = DisplayAppMultiViewController;
		};
/* End PBXContainerItemProxy section */

/* Begin PBXFileReference section */
		F9CFD6422AF2091F00208D67 /* DisplayAppMultiViewController.app */ = {isa = PBXFileReference; explicitFileType = wrapper.application; includeInIndex = 0; path = DisplayAppMultiViewController.app; sourceTree = BUILT_PRODUCTS_DIR; };
		F9CFD6452AF2091F00208D67 /* AppDelegate.swift */ = {isa = PBXFileReference; lastKnownFileType = sourcecode.swift; path = AppDelegate.swift; sourceTree = "<group>"; };
		F9CFD6472AF2091F00208D67 /* SceneDelegate.swift */ = {isa = PBXFileReference; lastKnownFileType = sourcecode.swift; path = SceneDelegate.swift; sourceTree = "<group>"; };
		F9CFD6492AF2091F00208D67 /* HomeViewController.swift */ = {isa = PBXFileReference; lastKnownFileType = sourcecode.swift; path = HomeViewController.swift; sourceTree = "<group>"; };
		F9CFD64C2AF2091F00208D67 /* Base */ = {isa = PBXFileReference; lastKnownFileType = file.storyboard; name = Base; path = Base.lproj/Main.storyboard; sourceTree = "<group>"; };
		F9CFD64E2AF2092000208D67 /* Assets.xcassets */ = {isa = PBXFileReference; lastKnownFileType = folder.assetcatalog; path = Assets.xcassets; sourceTree = "<group>"; };
		F9CFD6512AF2092000208D67 /* Base */ = {isa = PBXFileReference; lastKnownFileType = file.storyboard; name = Base; path = Base.lproj/LaunchScreen.storyboard; sourceTree = "<group>"; };
		F9CFD6532AF2092000208D67 /* Info.plist */ = {isa = PBXFileReference; lastKnownFileType = text.plist.xml; path = Info.plist; sourceTree = "<group>"; };
		F9CFD6582AF2092000208D67 /* DisplayAppMultiViewControllerTests.xctest */ = {isa = PBXFileReference; explicitFileType = wrapper.cfbundle; includeInIndex = 0; path = DisplayAppMultiViewControllerTests.xctest; sourceTree = BUILT_PRODUCTS_DIR; };
		F9CFD65C2AF2092000208D67 /* DisplayAppMultiViewControllerTests.swift */ = {isa = PBXFileReference; lastKnownFileType = sourcecode.swift; path = DisplayAppMultiViewControllerTests.swift; sourceTree = "<group>"; };
		F9CFD6622AF2092000208D67 /* DisplayAppMultiViewControllerUITests.xctest */ = {isa = PBXFileReference; explicitFileType = wrapper.cfbundle; includeInIndex = 0; path = DisplayAppMultiViewControllerUITests.xctest; sourceTree = BUILT_PRODUCTS_DIR; };
		F9CFD6662AF2092000208D67 /* DisplayAppMultiViewControllerUITests.swift */ = {isa = PBXFileReference; lastKnownFileType = sourcecode.swift; path = DisplayAppMultiViewControllerUITests.swift; sourceTree = "<group>"; };
		F9CFD6682AF2092000208D67 /* DisplayAppMultiViewControllerUITestsLaunchTests.swift */ = {isa = PBXFileReference; lastKnownFileType = sourcecode.swift; path = DisplayAppMultiViewControllerUITestsLaunchTests.swift; sourceTree = "<group>"; };
		F9CFD6752AF20D7100208D67 /* ResultViewController.swift */ = {isa = PBXFileReference; lastKnownFileType = sourcecode.swift; path = ResultViewController.swift; sourceTree = "<group>"; };
/* End PBXFileReference section */

/* Begin PBXFrameworksBuildPhase section */
		F9CFD63F2AF2091F00208D67 /* Frameworks */ = {
			isa = PBXFrameworksBuildPhase;
			buildActionMask = 2147483647;
			files = (
			);
			runOnlyForDeploymentPostprocessing = 0;
		};
		F9CFD6552AF2092000208D67 /* Frameworks */ = {
			isa = PBXFrameworksBuildPhase;
			buildActionMask = 2147483647;
			files = (
			);
			runOnlyForDeploymentPostprocessing = 0;
		};
		F9CFD65F2AF2092000208D67 /* Frameworks */ = {
			isa = PBXFrameworksBuildPhase;
			buildActionMask = 2147483647;
			files = (
			);
			runOnlyForDeploymentPostprocessing = 0;
		};
/* End PBXFrameworksBuildPhase section */

/* Begin PBXGroup section */
		F9CFD6392AF2091F00208D67 = {
			isa = PBXGroup;
			children = (
				F9CFD6442AF2091F00208D67 /* DisplayAppMultiViewController */,
				F9CFD65B2AF2092000208D67 /* DisplayAppMultiViewControllerTests */,
				F9CFD6652AF2092000208D67 /* DisplayAppMultiViewControllerUITests */,
				F9CFD6432AF2091F00208D67 /* Products */,
			);
			sourceTree = "<group>";
		};
		F9CFD6432AF2091F00208D67 /* Products */ = {
			isa = PBXGroup;
			children = (
				F9CFD6422AF2091F00208D67 /* DisplayAppMultiViewController.app */,
				F9CFD6582AF2092000208D67 /* DisplayAppMultiViewControllerTests.xctest */,
				F9CFD6622AF2092000208D67 /* DisplayAppMultiViewControllerUITests.xctest */,
			);
			name = Products;
			sourceTree = "<group>";
		};
		F9CFD6442AF2091F00208D67 /* DisplayAppMultiViewController */ = {
			isa = PBXGroup;
			children = (
				F9CFD6452AF2091F00208D67 /* AppDelegate.swift */,
				F9CFD6472AF2091F00208D67 /* SceneDelegate.swift */,
				F9CFD6492AF2091F00208D67 /* HomeViewController.swift */,
				F9CFD64B2AF2091F00208D67 /* Main.storyboard */,
				F9CFD64E2AF2092000208D67 /* Assets.xcassets */,
				F9CFD6502AF2092000208D67 /* LaunchScreen.storyboard */,
				F9CFD6532AF2092000208D67 /* Info.plist */,
				F9CFD6752AF20D7100208D67 /* ResultViewController.swift */,
			);
			path = DisplayAppMultiViewController;
			sourceTree = "<group>";
		};
		F9CFD65B2AF2092000208D67 /* DisplayAppMultiViewControllerTests */ = {
			isa = PBXGroup;
			children = (
				F9CFD65C2AF2092000208D67 /* DisplayAppMultiViewControllerTests.swift */,
			);
			path = DisplayAppMultiViewControllerTests;
			sourceTree = "<group>";
		};
		F9CFD6652AF2092000208D67 /* DisplayAppMultiViewControllerUITests */ = {
			isa = PBXGroup;
			children = (
				F9CFD6662AF2092000208D67 /* DisplayAppMultiViewControllerUITests.swift */,
				F9CFD6682AF2092000208D67 /* DisplayAppMultiViewControllerUITestsLaunchTests.swift */,
			);
			path = DisplayAppMultiViewControllerUITests;
			sourceTree = "<group>";
		};
/* End PBXGroup section */

/* Begin PBXNativeTarget section */
		F9CFD6412AF2091F00208D67 /* DisplayAppMultiViewController */ = {
			isa = PBXNativeTarget;
			buildConfigurationList = F9CFD66C2AF2092000208D67 /* Build configuration list for PBXNativeTarget "DisplayAppMultiViewController" */;
			buildPhases = (
				F9CFD63E2AF2091F00208D67 /* Sources */,
				F9CFD63F2AF2091F00208D67 /* Frameworks */,
				F9CFD6402AF2091F00208D67 /* Resources */,
			);
			buildRules = (
			);
			dependencies = (
			);
			name = DisplayAppMultiViewController;
			productName = DisplayAppMultiViewController;
			productReference = F9CFD6422AF2091F00208D67 /* DisplayAppMultiViewController.app */;
			productType = "com.apple.product-type.application";
		};
		F9CFD6572AF2092000208D67 /* DisplayAppMultiViewControllerTests */ = {
			isa = PBXNativeTarget;
			buildConfigurationList = F9CFD66F2AF2092000208D67 /* Build configuration list for PBXNativeTarget "DisplayAppMultiViewControllerTests" */;
			buildPhases = (
				F9CFD6542AF2092000208D67 /* Sources */,
				F9CFD6552AF2092000208D67 /* Frameworks */,
				F9CFD6562AF2092000208D67 /* Resources */,
			);
			buildRules = (
			);
			dependencies = (
				F9CFD65A2AF2092000208D67 /* PBXTargetDependency */,
			);
			name = DisplayAppMultiViewControllerTests;
			productName = DisplayAppMultiViewControllerTests;
			productReference = F9CFD6582AF2092000208D67 /* DisplayAppMultiViewControllerTests.xctest */;
			productType = "com.apple.product-type.bundle.unit-test";
		};
		F9CFD6612AF2092000208D67 /* DisplayAppMultiViewControllerUITests */ = {
			isa = PBXNativeTarget;
			buildConfigurationList = F9CFD6722AF2092000208D67 /* Build configuration list for PBXNativeTarget "DisplayAppMultiViewControllerUITests" */;
			buildPhases = (
				F9CFD65E2AF2092000208D67 /* Sources */,
				F9CFD65F2AF2092000208D67 /* Frameworks */,
				F9CFD6602AF2092000208D67 /* Resources */,
			);
			buildRules = (
			);
			dependencies = (
				F9CFD6642AF2092000208D67 /* PBXTargetDependency */,
			);
			name = DisplayAppMultiViewControllerUITests;
			productName = DisplayAppMultiViewControllerUITests;
			productReference = F9CFD6622AF2092000208D67 /* DisplayAppMultiViewControllerUITests.xctest */;
			productType = "com.apple.product-type.bundle.ui-testing";
		};
/* End PBXNativeTarget section */

/* Begin PBXProject section */
		F9CFD63A2AF2091F00208D67 /* Project object */ = {
			isa = PBXProject;
			attributes = {
				BuildIndependentTargetsInParallel = 1;
				LastSwiftUpdateCheck = 1500;
				LastUpgradeCheck = 1500;
				TargetAttributes = {
					F9CFD6412AF2091F00208D67 = {
						CreatedOnToolsVersion = 15.0;
					};
					F9CFD6572AF2092000208D67 = {
						CreatedOnToolsVersion = 15.0;
						TestTargetID = F9CFD6412AF2091F00208D67;
					};
					F9CFD6612AF2092000208D67 = {
						CreatedOnToolsVersion = 15.0;
						TestTargetID = F9CFD6412AF2091F00208D67;
					};
				};
			};
			buildConfigurationList = F9CFD63D2AF2091F00208D67 /* Build configuration list for PBXProject "DisplayAppMultiViewController" */;
			compatibilityVersion = "Xcode 14.0";
			developmentRegion = en;
			hasScannedForEncodings = 0;
			knownRegions = (
				en,
				Base,
			);
			mainGroup = F9CFD6392AF2091F00208D67;
			productRefGroup = F9CFD6432AF2091F00208D67 /* Products */;
			projectDirPath = "";
			projectRoot = "";
			targets = (
				F9CFD6412AF2091F00208D67 /* DisplayAppMultiViewController */,
				F9CFD6572AF2092000208D67 /* DisplayAppMultiViewControllerTests */,
				F9CFD6612AF2092000208D67 /* DisplayAppMultiViewControllerUITests */,
			);
		};
/* End PBXProject section */

/* Begin PBXResourcesBuildPhase section */
		F9CFD6402AF2091F00208D67 /* Resources */ = {
			isa = PBXResourcesBuildPhase;
			buildActionMask = 2147483647;
			files = (
				F9CFD6522AF2092000208D67 /* LaunchScreen.storyboard in Resources */,
				F9CFD64F2AF2092000208D67 /* Assets.xcassets in Resources */,
				F9CFD64D2AF2091F00208D67 /* Main.storyboard in Resources */,
			);
			runOnlyForDeploymentPostprocessing = 0;
		};
		F9CFD6562AF2092000208D67 /* Resources */ = {
			isa = PBXResourcesBuildPhase;
			buildActionMask = 2147483647;
			files = (
			);
			runOnlyForDeploymentPostprocessing = 0;
		};
		F9CFD6602AF2092000208D67 /* Resources */ = {
			isa = PBXResourcesBuildPhase;
			buildActionMask = 2147483647;
			files = (
			);
			runOnlyForDeploymentPostprocessing = 0;
		};
/* End PBXResourcesBuildPhase section */

/* Begin PBXSourcesBuildPhase section */
		F9CFD63E2AF2091F00208D67 /* Sources */ = {
			isa = PBXSourcesBuildPhase;
			buildActionMask = 2147483647;
			files = (
				F9CFD64A2AF2091F00208D67 /* HomeViewController.swift in Sources */,
				F9CFD6462AF2091F00208D67 /* AppDelegate.swift in Sources */,
				F9CFD6482AF2091F00208D67 /* SceneDelegate.swift in Sources */,
				F9CFD6762AF20D7100208D67 /* ResultViewController.swift in Sources */,
			);
			runOnlyForDeploymentPostprocessing = 0;
		};
		F9CFD6542AF2092000208D67 /* Sources */ = {
			isa = PBXSourcesBuildPhase;
			buildActionMask = 2147483647;
			files = (
				F9CFD65D2AF2092000208D67 /* DisplayAppMultiViewControllerTests.swift in Sources */,
			);
			runOnlyForDeploymentPostprocessing = 0;
		};
		F9CFD65E2AF2092000208D67 /* Sources */ = {
			isa = PBXSourcesBuildPhase;
			buildActionMask = 2147483647;
			files = (
				F9CFD6692AF2092000208D67 /* DisplayAppMultiViewControllerUITestsLaunchTests.swift in Sources */,
				F9CFD6672AF2092000208D67 /* DisplayAppMultiViewControllerUITests.swift in Sources */,
			);
			runOnlyForDeploymentPostprocessing = 0;
		};
/* End PBXSourcesBuildPhase section */

/* Begin PBXTargetDependency section */
		F9CFD65A2AF2092000208D67 /* PBXTargetDependency */ = {
			isa = PBXTargetDependency;
			target = F9CFD6412AF2091F00208D67 /* DisplayAppMultiViewController */;
			targetProxy = F9CFD6592AF2092000208D67 /* PBXContainerItemProxy */;
		};
		F9CFD6642AF2092000208D67 /* PBXTargetDependency */ = {
			isa = PBXTargetDependency;
			target = F9CFD6412AF2091F00208D67 /* DisplayAppMultiViewController */;
			targetProxy = F9CFD6632AF2092000208D67 /* PBXContainerItemProxy */;
		};
/* End PBXTargetDependency section */

/* Begin PBXVariantGroup section */
		F9CFD64B2AF2091F00208D67 /* Main.storyboard */ = {
			isa = PBXVariantGroup;
			children = (
				F9CFD64C2AF2091F00208D67 /* Base */,
			);
			name = Main.storyboard;
			sourceTree = "<group>";
		};
		F9CFD6502AF2092000208D67 /* LaunchScreen.storyboard */ = {
			isa = PBXVariantGroup;
			children = (
				F9CFD6512AF2092000208D67 /* Base */,
			);
			name = LaunchScreen.storyboard;
			sourceTree = "<group>";
		};
/* End PBXVariantGroup section */

/* Begin XCBuildConfiguration section */
		F9CFD66A2AF2092000208D67 /* Debug */ = {
			isa = XCBuildConfiguration;
			buildSettings = {
				ALWAYS_SEARCH_USER_PATHS = NO;
				ASSETCATALOG_COMPILER_GENERATE_SWIFT_ASSET_SYMBOL_EXTENSIONS = YES;
				CLANG_ANALYZER_NONNULL = YES;
				CLANG_ANALYZER_NUMBER_OBJECT_CONVERSION = YES_AGGRESSIVE;
				CLANG_CXX_LANGUAGE_STANDARD = "gnu++20";
				CLANG_ENABLE_MODULES = YES;
				CLANG_ENABLE_OBJC_ARC = YES;
				CLANG_ENABLE_OBJC_WEAK = YES;
				CLANG_WARN_BLOCK_CAPTURE_AUTORELEASING = YES;
				CLANG_WARN_BOOL_CONVERSION = YES;
				CLANG_WARN_COMMA = YES;
				CLANG_WARN_CONSTANT_CONVERSION = YES;
				CLANG_WARN_DEPRECATED_OBJC_IMPLEMENTATIONS = YES;
				CLANG_WARN_DIRECT_OBJC_ISA_USAGE = YES_ERROR;
				CLANG_WARN_DOCUMENTATION_COMMENTS = YES;
				CLANG_WARN_EMPTY_BODY = YES;
				CLANG_WARN_ENUM_CONVERSION = YES;
				CLANG_WARN_INFINITE_RECURSION = YES;
				CLANG_WARN_INT_CONVERSION = YES;
				CLANG_WARN_NON_LITERAL_NULL_CONVERSION = YES;
				CLANG_WARN_OBJC_IMPLICIT_RETAIN_SELF = YES;
				CLANG_WARN_OBJC_LITERAL_CONVERSION = YES;
				CLANG_WARN_OBJC_ROOT_CLASS = YES_ERROR;
				CLANG_WARN_QUOTED_INCLUDE_IN_FRAMEWORK_HEADER = YES;
				CLANG_WARN_RANGE_LOOP_ANALYSIS = YES;
				CLANG_WARN_STRICT_PROTOTYPES = YES;
				CLANG_WARN_SUSPICIOUS_MOVE = YES;
				CLANG_WARN_UNGUARDED_AVAILABILITY = YES_AGGRESSIVE;
				CLANG_WARN_UNREACHABLE_CODE = YES;
				CLANG_WARN__DUPLICATE_METHOD_MATCH = YES;
				COPY_PHASE_STRIP = NO;
				DEBUG_INFORMATION_FORMAT = dwarf;
				ENABLE_STRICT_OBJC_MSGSEND = YES;
				ENABLE_TESTABILITY = YES;
				ENABLE_USER_SCRIPT_SANDBOXING = YES;
				GCC_C_LANGUAGE_STANDARD = gnu17;
				GCC_DYNAMIC_NO_PIC = NO;
				GCC_NO_COMMON_BLOCKS = YES;
				GCC_OPTIMIZATION_LEVEL = 0;
				GCC_PREPROCESSOR_DEFINITIONS = (
					"DEBUG=1",
					"$(inherited)",
				);
				GCC_WARN_64_TO_32_BIT_CONVERSION = YES;
				GCC_WARN_ABOUT_RETURN_TYPE = YES_ERROR;
				GCC_WARN_UNDECLARED_SELECTOR = YES;
				GCC_WARN_UNINITIALIZED_AUTOS = YES_AGGRESSIVE;
				GCC_WARN_UNUSED_FUNCTION = YES;
				GCC_WARN_UNUSED_VARIABLE = YES;
				IPHONEOS_DEPLOYMENT_TARGET = 17.0;
				LOCALIZATION_PREFERS_STRING_CATALOGS = YES;
				MTL_ENABLE_DEBUG_INFO = INCLUDE_SOURCE;
				MTL_FAST_MATH = YES;
				ONLY_ACTIVE_ARCH = YES;
				SDKROOT = iphoneos;
				SWIFT_ACTIVE_COMPILATION_CONDITIONS = "DEBUG $(inherited)";
				SWIFT_OPTIMIZATION_LEVEL = "-Onone";
			};
			name = Debug;
		};
		F9CFD66B2AF2092000208D67 /* Release */ = {
			isa = XCBuildConfiguration;
			buildSettings = {
				ALWAYS_SEARCH_USER_PATHS = NO;
				ASSETCATALOG_COMPILER_GENERATE_SWIFT_ASSET_SYMBOL_EXTENSIONS = YES;
				CLANG_ANALYZER_NONNULL = YES;
				CLANG_ANALYZER_NUMBER_OBJECT_CONVERSION = YES_AGGRESSIVE;
				CLANG_CXX_LANGUAGE_STANDARD = "gnu++20";
				CLANG_ENABLE_MODULES = YES;
				CLANG_ENABLE_OBJC_ARC = YES;
				CLANG_ENABLE_OBJC_WEAK = YES;
				CLANG_WARN_BLOCK_CAPTURE_AUTORELEASING = YES;
				CLANG_WARN_BOOL_CONVERSION = YES;
				CLANG_WARN_COMMA = YES;
				CLANG_WARN_CONSTANT_CONVERSION = YES;
				CLANG_WARN_DEPRECATED_OBJC_IMPLEMENTATIONS = YES;
				CLANG_WARN_DIRECT_OBJC_ISA_USAGE = YES_ERROR;
				CLANG_WARN_DOCUMENTATION_COMMENTS = YES;
				CLANG_WARN_EMPTY_BODY = YES;
				CLANG_WARN_ENUM_CONVERSION = YES;
				CLANG_WARN_INFINITE_RECURSION = YES;
				CLANG_WARN_INT_CONVERSION = YES;
				CLANG_WARN_NON_LITERAL_NULL_CONVERSION = YES;
				CLANG_WARN_OBJC_IMPLICIT_RETAIN_SELF = YES;
				CLANG_WARN_OBJC_LITERAL_CONVERSION = YES;
				CLANG_WARN_OBJC_ROOT_CLASS = YES_ERROR;
				CLANG_WARN_QUOTED_INCLUDE_IN_FRAMEWORK_HEADER = YES;
				CLANG_WARN_RANGE_LOOP_ANALYSIS = YES;
				CLANG_WARN_STRICT_PROTOTYPES = YES;
				CLANG_WARN_SUSPICIOUS_MOVE = YES;
				CLANG_WARN_UNGUARDED_AVAILABILITY = YES_AGGRESSIVE;
				CLANG_WARN_UNREACHABLE_CODE = YES;
				CLANG_WARN__DUPLICATE_METHOD_MATCH = YES;
				COPY_PHASE_STRIP = NO;
				DEBUG_INFORMATION_FORMAT = "dwarf-with-dsym";
				ENABLE_NS_ASSERTIONS = NO;
				ENABLE_STRICT_OBJC_MSGSEND = YES;
				ENABLE_USER_SCRIPT_SANDBOXING = YES;
				GCC_C_LANGUAGE_STANDARD = gnu17;
				GCC_NO_COMMON_BLOCKS = YES;
				GCC_WARN_64_TO_32_BIT_CONVERSION = YES;
				GCC_WARN_ABOUT_RETURN_TYPE = YES_ERROR;
				GCC_WARN_UNDECLARED_SELECTOR = YES;
				GCC_WARN_UNINITIALIZED_AUTOS = YES_AGGRESSIVE;
				GCC_WARN_UNUSED_FUNCTION = YES;
				GCC_WARN_UNUSED_VARIABLE = YES;
				IPHONEOS_DEPLOYMENT_TARGET = 17.0;
				LOCALIZATION_PREFERS_STRING_CATALOGS = YES;
				MTL_ENABLE_DEBUG_INFO = NO;
				MTL_FAST_MATH = YES;
				SDKROOT = iphoneos;
				SWIFT_COMPILATION_MODE = wholemodule;
				VALIDATE_PRODUCT = YES;
			};
			name = Release;
		};
		F9CFD66D2AF2092000208D67 /* Debug */ = {
			isa = XCBuildConfiguration;
			buildSettings = {
				ASSETCATALOG_COMPILER_APPICON_NAME = AppIcon;
				ASSETCATALOG_COMPILER_GLOBAL_ACCENT_COLOR_NAME = AccentColor;
				CODE_SIGN_STYLE = Automatic;
				CURRENT_PROJECT_VERSION = 1;
				GENERATE_INFOPLIST_FILE = YES;
				INFOPLIST_FILE = DisplayAppMultiViewController/Info.plist;
				INFOPLIST_KEY_CFBundleDisplayName = "Display App with Multi View";
				INFOPLIST_KEY_UIApplicationSupportsIndirectInputEvents = YES;
				INFOPLIST_KEY_UILaunchStoryboardName = LaunchScreen;
				INFOPLIST_KEY_UIMainStoryboardFile = Main;
				INFOPLIST_KEY_UISupportedInterfaceOrientations_iPad = "UIInterfaceOrientationPortrait UIInterfaceOrientationPortraitUpsideDown UIInterfaceOrientationLandscapeLeft UIInterfaceOrientationLandscapeRight";
				INFOPLIST_KEY_UISupportedInterfaceOrientations_iPhone = "UIInterfaceOrientationPortrait UIInterfaceOrientationLandscapeLeft UIInterfaceOrientationLandscapeRight";
				LD_RUNPATH_SEARCH_PATHS = (
					"$(inherited)",
					"@executable_path/Frameworks",
				);
				MARKETING_VERSION = 1.0;
				PRODUCT_BUNDLE_IDENTIFIER = nwmsu.DisplayAppMultiViewController;
				PRODUCT_NAME = "$(TARGET_NAME)";
				SWIFT_EMIT_LOC_STRINGS = YES;
				SWIFT_VERSION = 5.0;
				TARGETED_DEVICE_FAMILY = "1,2";
			};
			name = Debug;
		};
		F9CFD66E2AF2092000208D67 /* Release */ = {
			isa = XCBuildConfiguration;
			buildSettings = {
				ASSETCATALOG_COMPILER_APPICON_NAME = AppIcon;
				ASSETCATALOG_COMPILER_GLOBAL_ACCENT_COLOR_NAME = AccentColor;
				CODE_SIGN_STYLE = Automatic;
				CURRENT_PROJECT_VERSION = 1;
				GENERATE_INFOPLIST_FILE = YES;
				INFOPLIST_FILE = DisplayAppMultiViewController/Info.plist;
				INFOPLIST_KEY_CFBundleDisplayName = "Display App with Multi View";
				INFOPLIST_KEY_UIApplicationSupportsIndirectInputEvents = YES;
				INFOPLIST_KEY_UILaunchStoryboardName = LaunchScreen;
				INFOPLIST_KEY_UIMainStoryboardFile = Main;
				INFOPLIST_KEY_UISupportedInterfaceOrientations_iPad = "UIInterfaceOrientationPortrait UIInterfaceOrientationPortraitUpsideDown UIInterfaceOrientationLandscapeLeft UIInterfaceOrientationLandscapeRight";
				INFOPLIST_KEY_UISupportedInterfaceOrientations_iPhone = "UIInterfaceOrientationPortrait UIInterfaceOrientationLandscapeLeft UIInterfaceOrientationLandscapeRight";
				LD_RUNPATH_SEARCH_PATHS = (
					"$(inherited)",
					"@executable_path/Frameworks",
				);
				MARKETING_VERSION = 1.0;
				PRODUCT_BUNDLE_IDENTIFIER = nwmsu.DisplayAppMultiViewController;
				PRODUCT_NAME = "$(TARGET_NAME)";
				SWIFT_EMIT_LOC_STRINGS = YES;
				SWIFT_VERSION = 5.0;
				TARGETED_DEVICE_FAMILY = "1,2";
			};
			name = Release;
		};
		F9CFD6702AF2092000208D67 /* Debug */ = {
			isa = XCBuildConfiguration;
			buildSettings = {
				ALWAYS_EMBED_SWIFT_STANDARD_LIBRARIES = YES;
				BUNDLE_LOADER = "$(TEST_HOST)";
				CODE_SIGN_STYLE = Automatic;
				CURRENT_PROJECT_VERSION = 1;
				GENERATE_INFOPLIST_FILE = YES;
				IPHONEOS_DEPLOYMENT_TARGET = 17.0;
				MARKETING_VERSION = 1.0;
				PRODUCT_BUNDLE_IDENTIFIER = nwmsu.DisplayAppMultiViewControllerTests;
				PRODUCT_NAME = "$(TARGET_NAME)";
				SWIFT_EMIT_LOC_STRINGS = NO;
				SWIFT_VERSION = 5.0;
				TARGETED_DEVICE_FAMILY = "1,2";
				TEST_HOST = "$(BUILT_PRODUCTS_DIR)/DisplayAppMultiViewController.app/$(BUNDLE_EXECUTABLE_FOLDER_PATH)/DisplayAppMultiViewController";
			};
			name = Debug;
		};
		F9CFD6712AF2092000208D67 /* Release */ = {
			isa = XCBuildConfiguration;
			buildSettings = {
				ALWAYS_EMBED_SWIFT_STANDARD_LIBRARIES = YES;
				BUNDLE_LOADER = "$(TEST_HOST)";
				CODE_SIGN_STYLE = Automatic;
				CURRENT_PROJECT_VERSION = 1;
				GENERATE_INFOPLIST_FILE = YES;
				IPHONEOS_DEPLOYMENT_TARGET = 17.0;
				MARKETING_VERSION = 1.0;
				PRODUCT_BUNDLE_IDENTIFIER = nwmsu.DisplayAppMultiViewControllerTests;
				PRODUCT_NAME = "$(TARGET_NAME)";
				SWIFT_EMIT_LOC_STRINGS = NO;
				SWIFT_VERSION = 5.0;
				TARGETED_DEVICE_FAMILY = "1,2";
				TEST_HOST = "$(BUILT_PRODUCTS_DIR)/DisplayAppMultiViewController.app/$(BUNDLE_EXECUTABLE_FOLDER_PATH)/DisplayAppMultiViewController";
			};
			name = Release;
		};
		F9CFD6732AF2092000208D67 /* Debug */ = {
			isa = XCBuildConfiguration;
			buildSettings = {
				ALWAYS_EMBED_SWIFT_STANDARD_LIBRARIES = YES;
				CODE_SIGN_STYLE = Automatic;
				CURRENT_PROJECT_VERSION = 1;
				GENERATE_INFOPLIST_FILE = YES;
				MARKETING_VERSION = 1.0;
				PRODUCT_BUNDLE_IDENTIFIER = nwmsu.DisplayAppMultiViewControllerUITests;
				PRODUCT_NAME = "$(TARGET_NAME)";
				SWIFT_EMIT_LOC_STRINGS = NO;
				SWIFT_VERSION = 5.0;
				TARGETED_DEVICE_FAMILY = "1,2";
				TEST_TARGET_NAME = DisplayAppMultiViewController;
			};
			name = Debug;
		};
		F9CFD6742AF2092000208D67 /* Release */ = {
			isa = XCBuildConfiguration;
			buildSettings = {
				ALWAYS_EMBED_SWIFT_STANDARD_LIBRARIES = YES;
				CODE_SIGN_STYLE = Automatic;
				CURRENT_PROJECT_VERSION = 1;
				GENERATE_INFOPLIST_FILE = YES;
				MARKETING_VERSION = 1.0;
				PRODUCT_BUNDLE_IDENTIFIER = nwmsu.DisplayAppMultiViewControllerUITests;
				PRODUCT_NAME = "$(TARGET_NAME)";
				SWIFT_EMIT_LOC_STRINGS = NO;
				SWIFT_VERSION = 5.0;
				TARGETED_DEVICE_FAMILY = "1,2";
				TEST_TARGET_NAME = DisplayAppMultiViewController;
			};
			name = Release;
		};
/* End XCBuildConfiguration section */

/* Begin XCConfigurationList section */
		F9CFD63D2AF2091F00208D67 /* Build configuration list for PBXProject "DisplayAppMultiViewController" */ = {
			isa = XCConfigurationList;
			buildConfigurations = (
				F9CFD66A2AF2092000208D67 /* Debug */,
				F9CFD66B2AF2092000208D67 /* Release */,
			);
			defaultConfigurationIsVisible = 0;
			defaultConfigurationName = Release;
		};
		F9CFD66C2AF2092000208D67 /* Build configuration list for PBXNativeTarget "DisplayAppMultiViewController" */ = {
			isa = XCConfigurationList;
			buildConfigurations = (
				F9CFD66D2AF2092000208D67 /* Debug */,
				F9CFD66E2AF2092000208D67 /* Release */,
			);
			defaultConfigurationIsVisible = 0;
			defaultConfigurationName = Release;
		};
		F9CFD66F2AF2092000208D67 /* Build configuration list for PBXNativeTarget "DisplayAppMultiViewControllerTests" */ = {
			isa = XCConfigurationList;
			buildConfigurations = (
				F9CFD6702AF2092000208D67 /* Debug */,
				F9CFD6712AF2092000208D67 /* Release */,
			);
			defaultConfigurationIsVisible = 0;
			defaultConfigurationName = Release;
		};
		F9CFD6722AF2092000208D67 /* Build configuration list for PBXNativeTarget "DisplayAppMultiViewControllerUITests" */ = {
			isa = XCConfigurationList;
			buildConfigurations = (
				F9CFD6732AF2092000208D67 /* Debug */,
				F9CFD6742AF2092000208D67 /* Release */,
			);
			defaultConfigurationIsVisible = 0;
			defaultConfigurationName = Release;
		};
/* End XCConfigurationList section */
	};
	rootObject = F9CFD63A2AF2091F00208D67 /* Project object */;
}
